PODS:
  - Fritz (5.3.0):
    - Fritz/Vision (= 5.3.0)
  - Fritz/Vision (5.3.0):
    - FritzBase/Vision (= 5.3.0)
  - Fritz/VisionLabelModel/Fast (5.3.0):
    - FritzVisionLabelModelFast (~> 5.3.0)
  - FritzBase/Core (5.3.0)
  - FritzBase/CoreMLHelpers (5.3.0)
  - FritzBase/ManagedModel (5.3.0):
    - FritzBase/Core (= 5.3.0)
  - FritzBase/Vision (5.3.0):
    - FritzBase/Core (= 5.3.0)
    - FritzBase/CoreMLHelpers (= 5.3.0)
    - FritzBase/ManagedModel (= 5.3.0)
  - FritzVisionLabelModelFast (5.3.0):
    - FritzBase/Vision (~> 5.3.0)

DEPENDENCIES:
  - Fritz (~> 5.3.0)
  - Fritz/VisionLabelModel/Fast

SPEC REPOS:
  trunk:
    - Fritz
    - FritzBase
    - FritzVisionLabelModelFast

SPEC CHECKSUMS:
  Fritz: 9f13fccd5bc7fc08a64d8bf79764c221e9d38cfe
  FritzBase: aedffaeb45d5c09ccf66d7d4ad4e8d578072c3de
  FritzVisionLabelModelFast: a5398f536e4b5ee6a022bd81e648f22283681c3d

PODFILE CHECKSUM: 4a592ca63a66c1599589fb19316869466e554d16

COCOAPODS: 1.9.1
