// !$*UTF8*$!
{
	archiveVersion = 1;
	classes = {
	};
	objectVersion = 51;
	objects = {

/* Begin PBXBuildFile section */
		83AC97BA21495DD400E86B44 /* AppDelegate.swift in Sources */ = {isa = PBXBuildFile; fileRef = 83AC97B921495DD400E86B44 /* AppDelegate.swift */; };
		83AC97BC21495DD400E86B44 /* ViewController.swift in Sources */ = {isa = PBXBuildFile; fileRef = 83AC97BB21495DD400E86B44 /* ViewController.swift */; };
		83AC97BF21495DD400E86B44 /* Main.storyboard in Resources */ = {isa = PBXBuildFile; fileRef = 83AC97BD21495DD400E86B44 /* Main.storyboard */; };
		83AC97C121495DD600E86B44 /* Assets.xcassets in Resources */ = {isa = PBXBuildFile; fileRef = 83AC97C021495DD600E86B44 /* Assets.xcassets */; };
		83AC97C421495DD600E86B44 /* LaunchScreen.storyboard in Resources */ = {isa = PBXBuildFile; fileRef = 83AC97C221495DD600E86B44 /* LaunchScreen.storyboard */; };
		A7D3C0B1300D396F14FDAB29 /* Pods_FritzStyleTransferDemo.framework in Frameworks */ = {isa = PBXBuildFile; fileRef = C0E29CF34AF2209CD858DA6D /* Pods_FritzStyleTransferDemo.framework */; };
/* End PBXBuildFile section */

/* Begin PBXFileReference section */
		474BAFA4BEF2E1D2150FE975 /* Pods-FritzStyleTransferDemo.release.xcconfig */ = {isa = PBXFileReference; includeInIndex = 1; lastKnownFileType = text.xcconfig; name = "Pods-FritzStyleTransferDemo.release.xcconfig"; path = "Pods/Target Support Files/Pods-FritzStyleTransferDemo/Pods-FritzStyleTransferDemo.release.xcconfig"; sourceTree = "<group>"; };
		83AC97B621495DD400E86B44 /* FritzStyleTransferDemo.app */ = {isa = PBXFileReference; explicitFileType = wrapper.application; includeInIndex = 0; path = FritzStyleTransferDemo.app; sourceTree = BUILT_PRODUCTS_DIR; };
		83AC97B921495DD400E86B44 /* AppDelegate.swift */ = {isa = PBXFileReference; lastKnownFileType = sourcecode.swift; path = AppDelegate.swift; sourceTree = "<group>"; };
		83AC97BB21495DD400E86B44 /* ViewController.swift */ = {isa = PBXFileReference; lastKnownFileType = sourcecode.swift; path = ViewController.swift; sourceTree = "<group>"; };
		83AC97BE21495DD400E86B44 /* Base */ = {isa = PBXFileReference; lastKnownFileType = file.storyboard; name = Base; path = Base.lproj/Main.storyboard; sourceTree = "<group>"; };
		83AC97C021495DD600E86B44 /* Assets.xcassets */ = {isa = PBXFileReference; lastKnownFileType = folder.assetcatalog; path = Assets.xcassets; sourceTree = "<group>"; };
		83AC97C321495DD600E86B44 /* Base */ = {isa = PBXFileReference; lastKnownFileType = file.storyboard; name = Base; path = Base.lproj/LaunchScreen.storyboard; sourceTree = "<group>"; };
		83AC97C521495DD600E86B44 /* Info.plist */ = {isa = PBXFileReference; lastKnownFileType = text.plist.xml; path = Info.plist; sourceTree = "<group>"; };
		A7D3C2F52479434BCD005E10 /* Pods-FritzStyleTransferDemo.debug.xcconfig */ = {isa = PBXFileReference; includeInIndex = 1; lastKnownFileType = text.xcconfig; name = "Pods-FritzStyleTransferDemo.debug.xcconfig"; path = "Pods/Target Support Files/Pods-FritzStyleTransferDemo/Pods-FritzStyleTransferDemo.debug.xcconfig"; sourceTree = "<group>"; };
		C0E29CF34AF2209CD858DA6D /* Pods_FritzStyleTransferDemo.framework */ = {isa = PBXFileReference; explicitFileType = wrapper.framework; includeInIndex = 0; path = Pods_FritzStyleTransferDemo.framework; sourceTree = BUILT_PRODUCTS_DIR; };
/* End PBXFileReference section */

/* Begin PBXFrameworksBuildPhase section */
		83AC97B321495DD400E86B44 /* Frameworks */ = {
			isa = PBXFrameworksBuildPhase;
			buildActionMask = 2147483647;
			files = (
				A7D3C0B1300D396F14FDAB29 /* Pods_FritzStyleTransferDemo.framework in Frameworks */,
			);
			runOnlyForDeploymentPostprocessing = 0;
		};
/* End PBXFrameworksBuildPhase section */

/* Begin PBXGroup section */
		120A9D60EB35CB4E7BFB96C3 /* Pods */ = {
			isa = PBXGroup;
			children = (
				A7D3C2F52479434BCD005E10 /* Pods-FritzStyleTransferDemo.debug.xcconfig */,
				474BAFA4BEF2E1D2150FE975 /* Pods-FritzStyleTransferDemo.release.xcconfig */,
			);
			name = Pods;
			sourceTree = "<group>";
		};
		83AC97AD21495DD400E86B44 = {
			isa = PBXGroup;
			children = (
				83AC97B821495DD400E86B44 /* FritzStyleTransferDemo */,
				83AC97B721495DD400E86B44 /* Products */,
				120A9D60EB35CB4E7BFB96C3 /* Pods */,
				BB943EB300172DC593FAF437 /* Frameworks */,
			);
			sourceTree = "<group>";
		};
		83AC97B721495DD400E86B44 /* Products */ = {
			isa = PBXGroup;
			children = (
				83AC97B621495DD400E86B44 /* FritzStyleTransferDemo.app */,
			);
			name = Products;
			sourceTree = "<group>";
		};
		83AC97B821495DD400E86B44 /* FritzStyleTransferDemo */ = {
			isa = PBXGroup;
			children = (
				83AC97B921495DD400E86B44 /* AppDelegate.swift */,
				83AC97BB21495DD400E86B44 /* ViewController.swift */,
				83AC97BD21495DD400E86B44 /* Main.storyboard */,
				83AC97C021495DD600E86B44 /* Assets.xcassets */,
				83AC97C221495DD600E86B44 /* LaunchScreen.storyboard */,
				83AC97C521495DD600E86B44 /* Info.plist */,
			);
			path = FritzStyleTransferDemo;
			sourceTree = "<group>";
		};
		BB943EB300172DC593FAF437 /* Frameworks */ = {
			isa = PBXGroup;
			children = (
				C0E29CF34AF2209CD858DA6D /* Pods_FritzStyleTransferDemo.framework */,
			);
			name = Frameworks;
			sourceTree = "<group>";
		};
/* End PBXGroup section */

/* Begin PBXNativeTarget section */
		83AC97B521495DD400E86B44 /* FritzStyleTransferDemo */ = {
			isa = PBXNativeTarget;
			buildConfigurationList = 83AC97C821495DD600E86B44 /* Build configuration list for PBXNativeTarget "FritzStyleTransferDemo" */;
			buildPhases = (
				5D1BF771AE4439EF6FE66C95 /* [CP] Check Pods Manifest.lock */,
				83AC97B221495DD400E86B44 /* Sources */,
				83AC97B321495DD400E86B44 /* Frameworks */,
				83AC97B421495DD400E86B44 /* Resources */,
				861F0BDBE5ADD909627E5917 /* [CP] Embed Pods Frameworks */,
			);
			buildRules = (
			);
			dependencies = (
			);
			name = FritzStyleTransferDemo;
			productName = FritzStyleTransferDemo;
			productReference = 83AC97B621495DD400E86B44 /* FritzStyleTransferDemo.app */;
			productType = "com.apple.product-type.application";
		};
/* End PBXNativeTarget section */

/* Begin PBXProject section */
		83AC97AE21495DD400E86B44 /* Project object */ = {
			isa = PBXProject;
			attributes = {
				LastSwiftUpdateCheck = 0940;
				LastUpgradeCheck = 0940;
				ORGANIZATIONNAME = Fritz;
				TargetAttributes = {
					83AC97B521495DD400E86B44 = {
						CreatedOnToolsVersion = 9.4.1;
						LastSwiftMigration = 1100;
					};
				};
			};
			buildConfigurationList = 83AC97B121495DD400E86B44 /* Build configuration list for PBXProject "FritzStyleTransferDemo" */;
			compatibilityVersion = "Xcode 9.3";
			developmentRegion = en;
			hasScannedForEncodings = 0;
			knownRegions = (
				en,
				Base,
			);
			mainGroup = 83AC97AD21495DD400E86B44;
			productRefGroup = 83AC97B721495DD400E86B44 /* Products */;
			projectDirPath = "";
			projectRoot = "";
			targets = (
				83AC97B521495DD400E86B44 /* FritzStyleTransferDemo */,
			);
		};
/* End PBXProject section */

/* Begin PBXResourcesBuildPhase section */
		83AC97B421495DD400E86B44 /* Resources */ = {
			isa = PBXResourcesBuildPhase;
			buildActionMask = 2147483647;
			files = (
				83AC97C421495DD600E86B44 /* LaunchScreen.storyboard in Resources */,
				83AC97C121495DD600E86B44 /* Assets.xcassets in Resources */,
				83AC97BF21495DD400E86B44 /* Main.storyboard in Resources */,
			);
			runOnlyForDeploymentPostprocessing = 0;
		};
/* End PBXResourcesBuildPhase section */

/* Begin PBXShellScriptBuildPhase section */
		5D1BF771AE4439EF6FE66C95 /* [CP] Check Pods Manifest.lock */ = {
			isa = PBXShellScriptBuildPhase;
			buildActionMask = 2147483647;
			files = (
			);
			inputPaths = (
				"${PODS_PODFILE_DIR_PATH}/Podfile.lock",
				"${PODS_ROOT}/Manifest.lock",
			);
			name = "[CP] Check Pods Manifest.lock";
			outputPaths = (
				"$(DERIVED_FILE_DIR)/Pods-FritzStyleTransferDemo-checkManifestLockResult.txt",
			);
			runOnlyForDeploymentPostprocessing = 0;
			shellPath = /bin/sh;
			shellScript = "diff \"${PODS_PODFILE_DIR_PATH}/Podfile.lock\" \"${PODS_ROOT}/Manifest.lock\" > /dev/null\nif [ $? != 0 ] ; then\n    # print error to STDERR\n    echo \"error: The sandbox is not in sync with the Podfile.lock. Run 'pod install' or update your CocoaPods installation.\" >&2\n    exit 1\nfi\n# This output is used by Xcode 'outputs' to avoid re-running this script phase.\necho \"SUCCESS\" > \"${SCRIPT_OUTPUT_FILE_0}\"\n";
			showEnvVarsInLog = 0;
		};
		861F0BDBE5ADD909627E5917 /* [CP] Embed Pods Frameworks */ = {
			isa = PBXShellScriptBuildPhase;
			buildActionMask = 2147483647;
			files = (
			);
			inputFileListPaths = (
				"${PODS_ROOT}/Target Support Files/Pods-FritzStyleTransferDemo/Pods-FritzStyleTransferDemo-frameworks-${CONFIGURATION}-input-files.xcfilelist",
			);
			name = "[CP] Embed Pods Frameworks";
			outputFileListPaths = (
				"${PODS_ROOT}/Target Support Files/Pods-FritzStyleTransferDemo/Pods-FritzStyleTransferDemo-frameworks-${CONFIGURATION}-output-files.xcfilelist",
			);
			runOnlyForDeploymentPostprocessing = 0;
			shellPath = /bin/sh;
			shellScript = "\"${PODS_ROOT}/Target Support Files/Pods-FritzStyleTransferDemo/Pods-FritzStyleTransferDemo-frameworks.sh\"\n";
			showEnvVarsInLog = 0;
		};
/* End PBXShellScriptBuildPhase section */

/* Begin PBXSourcesBuildPhase section */
		83AC97B221495DD400E86B44 /* Sources */ = {
			isa = PBXSourcesBuildPhase;
			buildActionMask = 2147483647;
			files = (
				83AC97BC21495DD400E86B44 /* ViewController.swift in Sources */,
				83AC97BA21495DD400E86B44 /* AppDelegate.swift in Sources */,
			);
			runOnlyForDeploymentPostprocessing = 0;
		};
/* End PBXSourcesBuildPhase section */

/* Begin PBXVariantGroup section */
		83AC97BD21495DD400E86B44 /* Main.storyboard */ = {
			isa = PBXVariantGroup;
			children = (
				83AC97BE21495DD400E86B44 /* Base */,
			);
			name = Main.storyboard;
			sourceTree = "<group>";
		};
		83AC97C221495DD600E86B44 /* LaunchScreen.storyboard */ = {
			isa = PBXVariantGroup;
			children = (
				83AC97C321495DD600E86B44 /* Base */,
			);
			name = LaunchScreen.storyboard;
			sourceTree = "<group>";
		};
/* End PBXVariantGroup section */

/* Begin XCBuildConfiguration section */
		83AC97C621495DD600E86B44 /* Debug */ = {
			isa = XCBuildConfiguration;
			buildSettings = {
				ALWAYS_SEARCH_USER_PATHS = NO;
				CLANG_ANALYZER_NONNULL = YES;
				CLANG_ANALYZER_NUMBER_OBJECT_CONVERSION = YES_AGGRESSIVE;
				CLANG_CXX_LANGUAGE_STANDARD = "gnu++14";
				CLANG_CXX_LIBRARY = "libc++";
				CLANG_ENABLE_MODULES = YES;
				CLANG_ENABLE_OBJC_ARC = YES;
				CLANG_ENABLE_OBJC_WEAK = YES;
				CLANG_WARN_BLOCK_CAPTURE_AUTORELEASING = YES;
				CLANG_WARN_BOOL_CONVERSION = YES;
				CLANG_WARN_COMMA = YES;
				CLANG_WARN_CONSTANT_CONVERSION = YES;
				CLANG_WARN_DEPRECATED_OBJC_IMPLEMENTATIONS = YES;
				CLANG_WARN_DIRECT_OBJC_ISA_USAGE = YES_ERROR;
				CLANG_WARN_DOCUMENTATION_COMMENTS = YES;
				CLANG_WARN_EMPTY_BODY = YES;
				CLANG_WARN_ENUM_CONVERSION = YES;
				CLANG_WARN_INFINITE_RECURSION = YES;
				CLANG_WARN_INT_CONVERSION = YES;
				CLANG_WARN_NON_LITERAL_NULL_CONVERSION = YES;
				CLANG_WARN_OBJC_IMPLICIT_RETAIN_SELF = YES;
				CLANG_WARN_OBJC_LITERAL_CONVERSION = YES;
				CLANG_WARN_OBJC_ROOT_CLASS = YES_ERROR;
				CLANG_WARN_RANGE_LOOP_ANALYSIS = YES;
				CLANG_WARN_STRICT_PROTOTYPES = YES;
				CLANG_WARN_SUSPICIOUS_MOVE = YES;
				CLANG_WARN_UNGUARDED_AVAILABILITY = YES_AGGRESSIVE;
				CLANG_WARN_UNREACHABLE_CODE = YES;
				CLANG_WARN__DUPLICATE_METHOD_MATCH = YES;
				CODE_SIGN_IDENTITY = "iPhone Developer";
				COPY_PHASE_STRIP = NO;
				DEBUG_INFORMATION_FORMAT = dwarf;
				ENABLE_STRICT_OBJC_MSGSEND = YES;
				ENABLE_TESTABILITY = YES;
				GCC_C_LANGUAGE_STANDARD = gnu11;
				GCC_DYNAMIC_NO_PIC = NO;
				GCC_NO_COMMON_BLOCKS = YES;
				GCC_OPTIMIZATION_LEVEL = 0;
				GCC_PREPROCESSOR_DEFINITIONS = (
					"DEBUG=1",
					"$(inherited)",
				);
				GCC_WARN_64_TO_32_BIT_CONVERSION = YES;
				GCC_WARN_ABOUT_RETURN_TYPE = YES_ERROR;
				GCC_WARN_UNDECLARED_SELECTOR = YES;
				GCC_WARN_UNINITIALIZED_AUTOS = YES_AGGRESSIVE;
				GCC_WARN_UNUSED_FUNCTION = YES;
				GCC_WARN_UNUSED_VARIABLE = YES;
				IPHONEOS_DEPLOYMENT_TARGET = 12.0;
				MTL_ENABLE_DEBUG_INFO = YES;
				ONLY_ACTIVE_ARCH = YES;
				SDKROOT = iphoneos;
				SWIFT_ACTIVE_COMPILATION_CONDITIONS = DEBUG;
				SWIFT_OPTIMIZATION_LEVEL = "-Onone";
			};
			name = Debug;
		};
		83AC97C721495DD600E86B44 /* Release */ = {
			isa = XCBuildConfiguration;
			buildSettings = {
				ALWAYS_SEARCH_USER_PATHS = NO;
				CLANG_ANALYZER_NONNULL = YES;
				CLANG_ANALYZER_NUMBER_OBJECT_CONVERSION = YES_AGGRESSIVE;
				CLANG_CXX_LANGUAGE_STANDARD = "gnu++14";
				CLANG_CXX_LIBRARY = "libc++";
				CLANG_ENABLE_MODULES = YES;
				CLANG_ENABLE_OBJC_ARC = YES;
				CLANG_ENABLE_OBJC_WEAK = YES;
				CLANG_WARN_BLOCK_CAPTURE_AUTORELEASING = YES;
				CLANG_WARN_BOOL_CONVERSION = YES;
				CLANG_WARN_COMMA = YES;
				CLANG_WARN_CONSTANT_CONVERSION = YES;
				CLANG_WARN_DEPRECATED_OBJC_IMPLEMENTATIONS = YES;
				CLANG_WARN_DIRECT_OBJC_ISA_USAGE = YES_ERROR;
				CLANG_WARN_DOCUMENTATION_COMMENTS = YES;
				CLANG_WARN_EMPTY_BODY = YES;
				CLANG_WARN_ENUM_CONVERSION = YES;
				CLANG_WARN_INFINITE_RECURSION = YES;
				CLANG_WARN_INT_CONVERSION = YES;
				CLANG_WARN_NON_LITERAL_NULL_CONVERSION = YES;
				CLANG_WARN_OBJC_IMPLICIT_RETAIN_SELF = YES;
				CLANG_WARN_OBJC_LITERAL_CONVERSION = YES;
				CLANG_WARN_OBJC_ROOT_CLASS = YES_ERROR;
				CLANG_WARN_RANGE_LOOP_ANALYSIS = YES;
				CLANG_WARN_STRICT_PROTOTYPES = YES;
				CLANG_WARN_SUSPICIOUS_MOVE = YES;
				CLANG_WARN_UNGUARDED_AVAILABILITY = YES_AGGRESSIVE;
				CLANG_WARN_UNREACHABLE_CODE = YES;
				CLANG_WARN__DUPLICATE_METHOD_MATCH = YES;
				CODE_SIGN_IDENTITY = "iPhone Developer";
				COPY_PHASE_STRIP = NO;
				DEBUG_INFORMATION_FORMAT = "dwarf-with-dsym";
				ENABLE_NS_ASSERTIONS = NO;
				ENABLE_STRICT_OBJC_MSGSEND = YES;
				GCC_C_LANGUAGE_STANDARD = gnu11;
				GCC_NO_COMMON_BLOCKS = YES;
				GCC_WARN_64_TO_32_BIT_CONVERSION = YES;
				GCC_WARN_ABOUT_RETURN_TYPE = YES_ERROR;
				GCC_WARN_UNDECLARED_SELECTOR = YES;
				GCC_WARN_UNINITIALIZED_AUTOS = YES_AGGRESSIVE;
				GCC_WARN_UNUSED_FUNCTION = YES;
				GCC_WARN_UNUSED_VARIABLE = YES;
				IPHONEOS_DEPLOYMENT_TARGET = 12.0;
				MTL_ENABLE_DEBUG_INFO = NO;
				SDKROOT = iphoneos;
				SWIFT_COMPILATION_MODE = wholemodule;
				SWIFT_OPTIMIZATION_LEVEL = "-O";
				VALIDATE_PRODUCT = YES;
			};
			name = Release;
		};
		83AC97C921495DD600E86B44 /* Debug */ = {
			isa = XCBuildConfiguration;
			baseConfigurationReference = A7D3C2F52479434BCD005E10 /* Pods-FritzStyleTransferDemo.debug.xcconfig */;
			buildSettings = {
				ASSETCATALOG_COMPILER_APPICON_NAME = AppIcon;
				CODE_SIGN_STYLE = Automatic;
				INFOPLIST_FILE = FritzStyleTransferDemo/Info.plist;
				LD_RUNPATH_SEARCH_PATHS = (
					"$(inherited)",
					"@executable_path/Frameworks",
				);
				PRODUCT_BUNDLE_IDENTIFIER = ai.fritz.FritzStyleTransferDemo;
				PRODUCT_NAME = "$(TARGET_NAME)";
				SWIFT_VERSION = 5.0;
				TARGETED_DEVICE_FAMILY = "1,2";
			};
			name = Debug;
		};
		83AC97CA21495DD600E86B44 /* Release */ = {
			isa = XCBuildConfiguration;
			baseConfigurationReference = 474BAFA4BEF2E1D2150FE975 /* Pods-FritzStyleTransferDemo.release.xcconfig */;
			buildSettings = {
				ASSETCATALOG_COMPILER_APPICON_NAME = AppIcon;
				CODE_SIGN_STYLE = Automatic;
				INFOPLIST_FILE = FritzStyleTransferDemo/Info.plist;
				LD_RUNPATH_SEARCH_PATHS = (
					"$(inherited)",
					"@executable_path/Frameworks",
				);
				PRODUCT_BUNDLE_IDENTIFIER = ai.fritz.FritzStyleTransferDemo;
				PRODUCT_NAME = "$(TARGET_NAME)";
				SWIFT_VERSION = 5.0;
				TARGETED_DEVICE_FAMILY = "1,2";
			};
			name = Release;
		};
/* End XCBuildConfiguration section */

/* Begin XCConfigurationList section */
		83AC97B121495DD400E86B44 /* Build configuration list for PBXProject "FritzStyleTransferDemo" */ = {
			isa = XCConfigurationList;
			buildConfigurations = (
				83AC97C621495DD600E86B44 /* Debug */,
				83AC97C721495DD600E86B44 /* Release */,
			);
			defaultConfigurationIsVisible = 0;
			defaultConfigurationName = Release;
		};
		83AC97C821495DD600E86B44 /* Build configuration list for PBXNativeTarget "FritzStyleTransferDemo" */ = {
			isa = XCConfigurationList;
			buildConfigurations = (
				83AC97C921495DD600E86B44 /* Debug */,
				83AC97CA21495DD600E86B44 /* Release */,
			);
			defaultConfigurationIsVisible = 0;
			defaultConfigurationName = Release;
		};
/* End XCConfigurationList section */
	};
	rootObject = 83AC97AE21495DD400E86B44 /* Project object */;
}
