PODS:
  - Fritz (5.3.0):
    - Fritz/Vision (= 5.3.0)
  - Fritz/Vision (5.3.0):
    - FritzBase/Vision (= 5.3.0)
  - Fritz/VisionSegmentationModel/Sky/Fast (5.3.0):
    - FritzVisionSkySegmentationModelFast (~> 5.3.0)
  - FritzBase/Core (5.3.0)
  - FritzBase/CoreMLHelpers (5.3.0)
  - FritzBase/ManagedModel (5.3.0):
    - FritzBase/Core (= 5.3.0)
  - FritzBase/Vision (5.3.0):
    - FritzBase/Core (= 5.3.0)
    - FritzBase/CoreMLHelpers (= 5.3.0)
    - FritzBase/ManagedModel (= 5.3.0)
  - FritzVisionSkySegmentationModelFast (5.3.0):
    - FritzBase/Vision (~> 5.3.0)

DEPENDENCIES:
  - Fritz (~> 5.3.0)
  - Fritz/VisionSegmentationModel/Sky/Fast

SPEC REPOS:
  trunk:
    - Fritz
    - FritzBase
    - FritzVisionSkySegmentationModelFast

SPEC CHECKSUMS:
  Fritz: 9f13fccd5bc7fc08a64d8bf79764c221e9d38cfe
  FritzBase: aedffaeb45d5c09ccf66d7d4ad4e8d578072c3de
  FritzVisionSkySegmentationModelFast: 50dbed1ad8231eb20fb61393ba8e8cd95ddb611b

PODFILE CHECKSUM: a009dd5583c694035817bb63ddfe763e3d842d6f

COCOAPODS: 1.9.1
