PODS:
  - Fritz (5.3.1):
    - Fritz/Vision (= 5.3.1)
  - Fritz/Vision (5.3.1):
    - FritzBase/Vision (= 5.3.1)
  - Fritz/VisionPoseModel/Human/Fast (5.3.1):
    - FritzVisionHumanPoseModelFast (~> 5.3.0)
  - FritzBase/Core (5.3.1)
  - FritzBase/CoreMLHelpers (5.3.1)
  - FritzBase/ManagedModel (5.3.1):
    - FritzBase/Core (= 5.3.1)
  - FritzBase/Vision (5.3.1):
    - FritzBase/Core (= 5.3.1)
    - FritzBase/CoreMLHelpers (= 5.3.1)
    - FritzBase/ManagedModel (= 5.3.1)
  - FritzVisionHumanPoseModelFast (5.3.0):
    - FritzBase/Vision (~> 5.3.0)

DEPENDENCIES:
  - Fritz (~> 5.3.1)
  - Fritz/VisionPoseModel/Human/Fast

SPEC REPOS:
  trunk:
    - Fritz
    - FritzBase
    - FritzVisionHumanPoseModelFast

SPEC CHECKSUMS:
  Fritz: f2cdf5a537e6686fdde02180d3778465ed899eb8
  FritzBase: db1b7c5c1a2feaf13178c62f2a431d476940ba10
  FritzVisionHumanPoseModelFast: e629ea585967bd327e337245d38573a5ad0033af

PODFILE CHECKSUM: 7ce04dbadeb7e1d302dcd21acd66b462fb0827bd

COCOAPODS: 1.9.1
