// !$*UTF8*$!
{
	archiveVersion = 1;
	classes = {
	};
	objectVersion = 51;
	objects = {

/* Begin PBXBuildFile section */
		452D8EEC24049CA500E5B147 /* HandPose.mlmodel in Sources */ = {isa = PBXBuildFile; fileRef = 452D8EEB24049CA500E5B147 /* HandPose.mlmodel */; };
		45BB898E23E4996300A793CA /* CameraButton.swift in Sources */ = {isa = PBXBuildFile; fileRef = 45BB898D23E4996300A793CA /* CameraButton.swift */; };
		45BB899023E4A39B00A793CA /* DraggableKeypoint.swift in Sources */ = {isa = PBXBuildFile; fileRef = 45BB898F23E4A39B00A793CA /* DraggableKeypoint.swift */; };
		45BB899223E4A43200A793CA /* UIImageView+Transformations.swift in Sources */ = {isa = PBXBuildFile; fileRef = 45BB899123E4A43200A793CA /* UIImageView+Transformations.swift */; };
		45D66EC223A3F7860036D5D0 /* HandPoseModel.swift in Sources */ = {isa = PBXBuildFile; fileRef = 45D66EC123A3F7860036D5D0 /* HandPoseModel.swift */; };
		835093982266E79700A81041 /* AppDelegate.swift in Sources */ = {isa = PBXBuildFile; fileRef = 835093972266E79700A81041 /* AppDelegate.swift */; };
		8350939A2266E79700A81041 /* ViewController.swift in Sources */ = {isa = PBXBuildFile; fileRef = 835093992266E79700A81041 /* ViewController.swift */; };
		8350939D2266E79700A81041 /* Main.storyboard in Resources */ = {isa = PBXBuildFile; fileRef = 8350939B2266E79700A81041 /* Main.storyboard */; };
		8350939F2266E79A00A81041 /* Assets.xcassets in Resources */ = {isa = PBXBuildFile; fileRef = 8350939E2266E79A00A81041 /* Assets.xcassets */; };
		835093A22266E79A00A81041 /* LaunchScreen.storyboard in Resources */ = {isa = PBXBuildFile; fileRef = 835093A02266E79A00A81041 /* LaunchScreen.storyboard */; };
		C2489EC6276C923D2C20E64B /* Pods_FritzHandPoseEstimationDemo.framework in Frameworks */ = {isa = PBXBuildFile; fileRef = 4C9146E99F3F7FBDC6854F7D /* Pods_FritzHandPoseEstimationDemo.framework */; };
/* End PBXBuildFile section */

/* Begin PBXFileReference section */
		0406162FD9C0E9753BC72215 /* Pods-FritzHandPoseEstimationDemo.debug.xcconfig */ = {isa = PBXFileReference; includeInIndex = 1; lastKnownFileType = text.xcconfig; name = "Pods-FritzHandPoseEstimationDemo.debug.xcconfig"; path = "Target Support Files/Pods-FritzHandPoseEstimationDemo/Pods-FritzHandPoseEstimationDemo.debug.xcconfig"; sourceTree = "<group>"; };
		04412028C23E81BD0E2D9B82 /* Pods-FritzHandPoseEstimationDemo.release.xcconfig */ = {isa = PBXFileReference; includeInIndex = 1; lastKnownFileType = text.xcconfig; name = "Pods-FritzHandPoseEstimationDemo.release.xcconfig"; path = "Target Support Files/Pods-FritzHandPoseEstimationDemo/Pods-FritzHandPoseEstimationDemo.release.xcconfig"; sourceTree = "<group>"; };
		452D8EEB24049CA500E5B147 /* HandPose.mlmodel */ = {isa = PBXFileReference; lastKnownFileType = file.mlmodel; path = HandPose.mlmodel; sourceTree = "<group>"; };
		45BB898D23E4996300A793CA /* CameraButton.swift */ = {isa = PBXFileReference; lastKnownFileType = sourcecode.swift; path = CameraButton.swift; sourceTree = "<group>"; };
		45BB898F23E4A39B00A793CA /* DraggableKeypoint.swift */ = {isa = PBXFileReference; lastKnownFileType = sourcecode.swift; path = DraggableKeypoint.swift; sourceTree = "<group>"; };
		45BB899123E4A43200A793CA /* UIImageView+Transformations.swift */ = {isa = PBXFileReference; lastKnownFileType = sourcecode.swift; path = "UIImageView+Transformations.swift"; sourceTree = "<group>"; };
		45D66EC123A3F7860036D5D0 /* HandPoseModel.swift */ = {isa = PBXFileReference; lastKnownFileType = sourcecode.swift; path = HandPoseModel.swift; sourceTree = "<group>"; };
		4C9146E99F3F7FBDC6854F7D /* Pods_FritzHandPoseEstimationDemo.framework */ = {isa = PBXFileReference; explicitFileType = wrapper.framework; includeInIndex = 0; path = Pods_FritzHandPoseEstimationDemo.framework; sourceTree = BUILT_PRODUCTS_DIR; };
		5A8D7CE66F17A61DA977138B /* Pods-FritzPoseEstimationDemo.release.xcconfig */ = {isa = PBXFileReference; includeInIndex = 1; lastKnownFileType = text.xcconfig; name = "Pods-FritzPoseEstimationDemo.release.xcconfig"; path = "Target Support Files/Pods-FritzPoseEstimationDemo/Pods-FritzPoseEstimationDemo.release.xcconfig"; sourceTree = "<group>"; };
		6A08DD3E86E2A713EEF67E48 /* Pods-FritzPoseEstimationDemo.debug.xcconfig */ = {isa = PBXFileReference; includeInIndex = 1; lastKnownFileType = text.xcconfig; name = "Pods-FritzPoseEstimationDemo.debug.xcconfig"; path = "Target Support Files/Pods-FritzPoseEstimationDemo/Pods-FritzPoseEstimationDemo.debug.xcconfig"; sourceTree = "<group>"; };
		835093942266E79700A81041 /* FritzHandPoseEstimationDemo.app */ = {isa = PBXFileReference; explicitFileType = wrapper.application; includeInIndex = 0; path = FritzHandPoseEstimationDemo.app; sourceTree = BUILT_PRODUCTS_DIR; };
		835093972266E79700A81041 /* AppDelegate.swift */ = {isa = PBXFileReference; lastKnownFileType = sourcecode.swift; path = AppDelegate.swift; sourceTree = "<group>"; };
		835093992266E79700A81041 /* ViewController.swift */ = {isa = PBXFileReference; lastKnownFileType = sourcecode.swift; path = ViewController.swift; sourceTree = "<group>"; };
		8350939C2266E79700A81041 /* Base */ = {isa = PBXFileReference; lastKnownFileType = file.storyboard; name = Base; path = Base.lproj/Main.storyboard; sourceTree = "<group>"; };
		8350939E2266E79A00A81041 /* Assets.xcassets */ = {isa = PBXFileReference; lastKnownFileType = folder.assetcatalog; path = Assets.xcassets; sourceTree = "<group>"; };
		835093A12266E79A00A81041 /* Base */ = {isa = PBXFileReference; lastKnownFileType = file.storyboard; name = Base; path = Base.lproj/LaunchScreen.storyboard; sourceTree = "<group>"; };
		835093A32266E79A00A81041 /* Info.plist */ = {isa = PBXFileReference; lastKnownFileType = text.plist.xml; path = Info.plist; sourceTree = "<group>"; };
/* End PBXFileReference section */

/* Begin PBXFrameworksBuildPhase section */
		835093912266E79700A81041 /* Frameworks */ = {
			isa = PBXFrameworksBuildPhase;
			buildActionMask = 2147483647;
			files = (
				C2489EC6276C923D2C20E64B /* Pods_FritzHandPoseEstimationDemo.framework in Frameworks */,
			);
			runOnlyForDeploymentPostprocessing = 0;
		};
/* End PBXFrameworksBuildPhase section */

/* Begin PBXGroup section */
		6B6A0C1CDEA2CB519307802D /* Pods */ = {
			isa = PBXGroup;
			children = (
				6A08DD3E86E2A713EEF67E48 /* Pods-FritzPoseEstimationDemo.debug.xcconfig */,
				5A8D7CE66F17A61DA977138B /* Pods-FritzPoseEstimationDemo.release.xcconfig */,
				0406162FD9C0E9753BC72215 /* Pods-FritzHandPoseEstimationDemo.debug.xcconfig */,
				04412028C23E81BD0E2D9B82 /* Pods-FritzHandPoseEstimationDemo.release.xcconfig */,
			);
			path = Pods;
			sourceTree = "<group>";
		};
		80F091B9BB57DECF95370E3C /* Frameworks */ = {
			isa = PBXGroup;
			children = (
				4C9146E99F3F7FBDC6854F7D /* Pods_FritzHandPoseEstimationDemo.framework */,
			);
			name = Frameworks;
			sourceTree = "<group>";
		};
		8350938B2266E79700A81041 = {
			isa = PBXGroup;
			children = (
				835093962266E79700A81041 /* FritzHandPoseEstimationDemo */,
				835093952266E79700A81041 /* Products */,
				6B6A0C1CDEA2CB519307802D /* Pods */,
				80F091B9BB57DECF95370E3C /* Frameworks */,
			);
			sourceTree = "<group>";
			tabWidth = 2;
		};
		835093952266E79700A81041 /* Products */ = {
			isa = PBXGroup;
			children = (
				835093942266E79700A81041 /* FritzHandPoseEstimationDemo.app */,
			);
			name = Products;
			sourceTree = "<group>";
		};
		835093962266E79700A81041 /* FritzHandPoseEstimationDemo */ = {
			isa = PBXGroup;
			children = (
				835093972266E79700A81041 /* AppDelegate.swift */,
				835093992266E79700A81041 /* ViewController.swift */,
				8350939B2266E79700A81041 /* Main.storyboard */,
				8350939E2266E79A00A81041 /* Assets.xcassets */,
				835093A02266E79A00A81041 /* LaunchScreen.storyboard */,
				452D8EEB24049CA500E5B147 /* HandPose.mlmodel */,
				835093A32266E79A00A81041 /* Info.plist */,
				45D66EC123A3F7860036D5D0 /* HandPoseModel.swift */,
				45BB898D23E4996300A793CA /* CameraButton.swift */,
				45BB898F23E4A39B00A793CA /* DraggableKeypoint.swift */,
				45BB899123E4A43200A793CA /* UIImageView+Transformations.swift */,
			);
			path = FritzHandPoseEstimationDemo;
			sourceTree = "<group>";
		};
/* End PBXGroup section */

/* Begin PBXNativeTarget section */
		835093932266E79700A81041 /* FritzHandPoseEstimationDemo */ = {
			isa = PBXNativeTarget;
			buildConfigurationList = 835093A62266E79A00A81041 /* Build configuration list for PBXNativeTarget "FritzHandPoseEstimationDemo" */;
			buildPhases = (
				AB259BB30D8015E9D7B7AB83 /* [CP] Check Pods Manifest.lock */,
				835093902266E79700A81041 /* Sources */,
				835093912266E79700A81041 /* Frameworks */,
				835093922266E79700A81041 /* Resources */,
				F52AF00E29834A62B877F6DC /* [CP] Embed Pods Frameworks */,
			);
			buildRules = (
			);
			dependencies = (
			);
			name = FritzHandPoseEstimationDemo;
			productName = FritzPoseEstimationDemo;
			productReference = 835093942266E79700A81041 /* FritzHandPoseEstimationDemo.app */;
			productType = "com.apple.product-type.application";
		};
/* End PBXNativeTarget section */

/* Begin PBXProject section */
		8350938C2266E79700A81041 /* Project object */ = {
			isa = PBXProject;
			attributes = {
				LastSwiftUpdateCheck = 1020;
				LastUpgradeCheck = 1020;
				ORGANIZATIONNAME = Fritz;
				TargetAttributes = {
					835093932266E79700A81041 = {
						CreatedOnToolsVersion = 10.2;
					};
				};
			};
			buildConfigurationList = 8350938F2266E79700A81041 /* Build configuration list for PBXProject "FritzPoseEstimationDemo" */;
			compatibilityVersion = "Xcode 9.3";
			developmentRegion = en;
			hasScannedForEncodings = 0;
			knownRegions = (
				en,
				Base,
			);
			mainGroup = 8350938B2266E79700A81041;
			productRefGroup = 835093952266E79700A81041 /* Products */;
			projectDirPath = "";
			projectRoot = "";
			targets = (
				835093932266E79700A81041 /* FritzHandPoseEstimationDemo */,
			);
		};
/* End PBXProject section */

/* Begin PBXResourcesBuildPhase section */
		835093922266E79700A81041 /* Resources */ = {
			isa = PBXResourcesBuildPhase;
			buildActionMask = 2147483647;
			files = (
				835093A22266E79A00A81041 /* LaunchScreen.storyboard in Resources */,
				8350939F2266E79A00A81041 /* Assets.xcassets in Resources */,
				8350939D2266E79700A81041 /* Main.storyboard in Resources */,
			);
			runOnlyForDeploymentPostprocessing = 0;
		};
/* End PBXResourcesBuildPhase section */

/* Begin PBXShellScriptBuildPhase section */
		AB259BB30D8015E9D7B7AB83 /* [CP] Check Pods Manifest.lock */ = {
			isa = PBXShellScriptBuildPhase;
			buildActionMask = 2147483647;
			files = (
			);
			inputFileListPaths = (
			);
			inputPaths = (
				"${PODS_PODFILE_DIR_PATH}/Podfile.lock",
				"${PODS_ROOT}/Manifest.lock",
			);
			name = "[CP] Check Pods Manifest.lock";
			outputFileListPaths = (
			);
			outputPaths = (
				"$(DERIVED_FILE_DIR)/Pods-FritzHandPoseEstimationDemo-checkManifestLockResult.txt",
			);
			runOnlyForDeploymentPostprocessing = 0;
			shellPath = /bin/sh;
			shellScript = "diff \"${PODS_PODFILE_DIR_PATH}/Podfile.lock\" \"${PODS_ROOT}/Manifest.lock\" > /dev/null\nif [ $? != 0 ] ; then\n    # print error to STDERR\n    echo \"error: The sandbox is not in sync with the Podfile.lock. Run 'pod install' or update your CocoaPods installation.\" >&2\n    exit 1\nfi\n# This output is used by Xcode 'outputs' to avoid re-running this script phase.\necho \"SUCCESS\" > \"${SCRIPT_OUTPUT_FILE_0}\"\n";
			showEnvVarsInLog = 0;
		};
		F52AF00E29834A62B877F6DC /* [CP] Embed Pods Frameworks */ = {
			isa = PBXShellScriptBuildPhase;
			buildActionMask = 2147483647;
			files = (
			);
			inputFileListPaths = (
				"${PODS_ROOT}/Target Support Files/Pods-FritzHandPoseEstimationDemo/Pods-FritzHandPoseEstimationDemo-frameworks-${CONFIGURATION}-input-files.xcfilelist",
			);
			name = "[CP] Embed Pods Frameworks";
			outputFileListPaths = (
				"${PODS_ROOT}/Target Support Files/Pods-FritzHandPoseEstimationDemo/Pods-FritzHandPoseEstimationDemo-frameworks-${CONFIGURATION}-output-files.xcfilelist",
			);
			runOnlyForDeploymentPostprocessing = 0;
			shellPath = /bin/sh;
			shellScript = "\"${PODS_ROOT}/Target Support Files/Pods-FritzHandPoseEstimationDemo/Pods-FritzHandPoseEstimationDemo-frameworks.sh\"\n";
			showEnvVarsInLog = 0;
		};
/* End PBXShellScriptBuildPhase section */

/* Begin PBXSourcesBuildPhase section */
		835093902266E79700A81041 /* Sources */ = {
			isa = PBXSourcesBuildPhase;
			buildActionMask = 2147483647;
			files = (
				452D8EEC24049CA500E5B147 /* HandPose.mlmodel in Sources */,
				45BB899223E4A43200A793CA /* UIImageView+Transformations.swift in Sources */,
				45D66EC223A3F7860036D5D0 /* HandPoseModel.swift in Sources */,
				45BB898E23E4996300A793CA /* CameraButton.swift in Sources */,
				8350939A2266E79700A81041 /* ViewController.swift in Sources */,
				45BB899023E4A39B00A793CA /* DraggableKeypoint.swift in Sources */,
				835093982266E79700A81041 /* AppDelegate.swift in Sources */,
			);
			runOnlyForDeploymentPostprocessing = 0;
		};
/* End PBXSourcesBuildPhase section */

/* Begin PBXVariantGroup section */
		8350939B2266E79700A81041 /* Main.storyboard */ = {
			isa = PBXVariantGroup;
			children = (
				8350939C2266E79700A81041 /* Base */,
			);
			name = Main.storyboard;
			sourceTree = "<group>";
		};
		835093A02266E79A00A81041 /* LaunchScreen.storyboard */ = {
			isa = PBXVariantGroup;
			children = (
				835093A12266E79A00A81041 /* Base */,
			);
			name = LaunchScreen.storyboard;
			sourceTree = "<group>";
		};
/* End PBXVariantGroup section */

/* Begin XCBuildConfiguration section */
		835093A42266E79A00A81041 /* Debug */ = {
			isa = XCBuildConfiguration;
			buildSettings = {
				ALWAYS_SEARCH_USER_PATHS = NO;
				CLANG_ANALYZER_NONNULL = YES;
				CLANG_ANALYZER_NUMBER_OBJECT_CONVERSION = YES_AGGRESSIVE;
				CLANG_CXX_LANGUAGE_STANDARD = "gnu++14";
				CLANG_CXX_LIBRARY = "libc++";
				CLANG_ENABLE_MODULES = YES;
				CLANG_ENABLE_OBJC_ARC = YES;
				CLANG_ENABLE_OBJC_WEAK = YES;
				CLANG_WARN_BLOCK_CAPTURE_AUTORELEASING = YES;
				CLANG_WARN_BOOL_CONVERSION = YES;
				CLANG_WARN_COMMA = YES;
				CLANG_WARN_CONSTANT_CONVERSION = YES;
				CLANG_WARN_DEPRECATED_OBJC_IMPLEMENTATIONS = YES;
				CLANG_WARN_DIRECT_OBJC_ISA_USAGE = YES_ERROR;
				CLANG_WARN_DOCUMENTATION_COMMENTS = YES;
				CLANG_WARN_EMPTY_BODY = YES;
				CLANG_WARN_ENUM_CONVERSION = YES;
				CLANG_WARN_INFINITE_RECURSION = YES;
				CLANG_WARN_INT_CONVERSION = YES;
				CLANG_WARN_NON_LITERAL_NULL_CONVERSION = YES;
				CLANG_WARN_OBJC_IMPLICIT_RETAIN_SELF = YES;
				CLANG_WARN_OBJC_LITERAL_CONVERSION = YES;
				CLANG_WARN_OBJC_ROOT_CLASS = YES_ERROR;
				CLANG_WARN_RANGE_LOOP_ANALYSIS = YES;
				CLANG_WARN_STRICT_PROTOTYPES = YES;
				CLANG_WARN_SUSPICIOUS_MOVE = YES;
				CLANG_WARN_UNGUARDED_AVAILABILITY = YES_AGGRESSIVE;
				CLANG_WARN_UNREACHABLE_CODE = YES;
				CLANG_WARN__DUPLICATE_METHOD_MATCH = YES;
				CODE_SIGN_IDENTITY = "iPhone Developer";
				COPY_PHASE_STRIP = NO;
				DEBUG_INFORMATION_FORMAT = dwarf;
				ENABLE_STRICT_OBJC_MSGSEND = YES;
				ENABLE_TESTABILITY = YES;
				GCC_C_LANGUAGE_STANDARD = gnu11;
				GCC_DYNAMIC_NO_PIC = NO;
				GCC_NO_COMMON_BLOCKS = YES;
				GCC_OPTIMIZATION_LEVEL = 0;
				GCC_PREPROCESSOR_DEFINITIONS = (
					"DEBUG=1",
					"$(inherited)",
				);
				GCC_WARN_64_TO_32_BIT_CONVERSION = YES;
				GCC_WARN_ABOUT_RETURN_TYPE = YES_ERROR;
				GCC_WARN_UNDECLARED_SELECTOR = YES;
				GCC_WARN_UNINITIALIZED_AUTOS = YES_AGGRESSIVE;
				GCC_WARN_UNUSED_FUNCTION = YES;
				GCC_WARN_UNUSED_VARIABLE = YES;
				IPHONEOS_DEPLOYMENT_TARGET = 12.2;
				MTL_ENABLE_DEBUG_INFO = INCLUDE_SOURCE;
				MTL_FAST_MATH = YES;
				ONLY_ACTIVE_ARCH = YES;
				SDKROOT = iphoneos;
				SWIFT_ACTIVE_COMPILATION_CONDITIONS = DEBUG;
				SWIFT_OPTIMIZATION_LEVEL = "-Onone";
			};
			name = Debug;
		};
		835093A52266E79A00A81041 /* Release */ = {
			isa = XCBuildConfiguration;
			buildSettings = {
				ALWAYS_SEARCH_USER_PATHS = NO;
				CLANG_ANALYZER_NONNULL = YES;
				CLANG_ANALYZER_NUMBER_OBJECT_CONVERSION = YES_AGGRESSIVE;
				CLANG_CXX_LANGUAGE_STANDARD = "gnu++14";
				CLANG_CXX_LIBRARY = "libc++";
				CLANG_ENABLE_MODULES = YES;
				CLANG_ENABLE_OBJC_ARC = YES;
				CLANG_ENABLE_OBJC_WEAK = YES;
				CLANG_WARN_BLOCK_CAPTURE_AUTORELEASING = YES;
				CLANG_WARN_BOOL_CONVERSION = YES;
				CLANG_WARN_COMMA = YES;
				CLANG_WARN_CONSTANT_CONVERSION = YES;
				CLANG_WARN_DEPRECATED_OBJC_IMPLEMENTATIONS = YES;
				CLANG_WARN_DIRECT_OBJC_ISA_USAGE = YES_ERROR;
				CLANG_WARN_DOCUMENTATION_COMMENTS = YES;
				CLANG_WARN_EMPTY_BODY = YES;
				CLANG_WARN_ENUM_CONVERSION = YES;
				CLANG_WARN_INFINITE_RECURSION = YES;
				CLANG_WARN_INT_CONVERSION = YES;
				CLANG_WARN_NON_LITERAL_NULL_CONVERSION = YES;
				CLANG_WARN_OBJC_IMPLICIT_RETAIN_SELF = YES;
				CLANG_WARN_OBJC_LITERAL_CONVERSION = YES;
				CLANG_WARN_OBJC_ROOT_CLASS = YES_ERROR;
				CLANG_WARN_RANGE_LOOP_ANALYSIS = YES;
				CLANG_WARN_STRICT_PROTOTYPES = YES;
				CLANG_WARN_SUSPICIOUS_MOVE = YES;
				CLANG_WARN_UNGUARDED_AVAILABILITY = YES_AGGRESSIVE;
				CLANG_WARN_UNREACHABLE_CODE = YES;
				CLANG_WARN__DUPLICATE_METHOD_MATCH = YES;
				CODE_SIGN_IDENTITY = "iPhone Developer";
				COPY_PHASE_STRIP = NO;
				DEBUG_INFORMATION_FORMAT = "dwarf-with-dsym";
				ENABLE_NS_ASSERTIONS = NO;
				ENABLE_STRICT_OBJC_MSGSEND = YES;
				GCC_C_LANGUAGE_STANDARD = gnu11;
				GCC_NO_COMMON_BLOCKS = YES;
				GCC_WARN_64_TO_32_BIT_CONVERSION = YES;
				GCC_WARN_ABOUT_RETURN_TYPE = YES_ERROR;
				GCC_WARN_UNDECLARED_SELECTOR = YES;
				GCC_WARN_UNINITIALIZED_AUTOS = YES_AGGRESSIVE;
				GCC_WARN_UNUSED_FUNCTION = YES;
				GCC_WARN_UNUSED_VARIABLE = YES;
				IPHONEOS_DEPLOYMENT_TARGET = 12.2;
				MTL_ENABLE_DEBUG_INFO = NO;
				MTL_FAST_MATH = YES;
				SDKROOT = iphoneos;
				SWIFT_COMPILATION_MODE = wholemodule;
				SWIFT_OPTIMIZATION_LEVEL = "-O";
				VALIDATE_PRODUCT = YES;
			};
			name = Release;
		};
		835093A72266E79A00A81041 /* Debug */ = {
			isa = XCBuildConfiguration;
			baseConfigurationReference = 0406162FD9C0E9753BC72215 /* Pods-FritzHandPoseEstimationDemo.debug.xcconfig */;
			buildSettings = {
				ASSETCATALOG_COMPILER_APPICON_NAME = AppIcon;
				CODE_SIGN_STYLE = Automatic;
				INFOPLIST_FILE = FritzHandPoseEstimationDemo/Info.plist;
				LD_RUNPATH_SEARCH_PATHS = (
					"$(inherited)",
					"@executable_path/Frameworks",
				);
				PRODUCT_BUNDLE_IDENTIFIER = ai.fritz.FritzHandPoseEstimationDemo;
				PRODUCT_NAME = "$(TARGET_NAME)";
				SWIFT_VERSION = 5.0;
				TARGETED_DEVICE_FAMILY = "1,2";
			};
			name = Debug;
		};
		835093A82266E79A00A81041 /* Release */ = {
			isa = XCBuildConfiguration;
			baseConfigurationReference = 04412028C23E81BD0E2D9B82 /* Pods-FritzHandPoseEstimationDemo.release.xcconfig */;
			buildSettings = {
				ASSETCATALOG_COMPILER_APPICON_NAME = AppIcon;
				CODE_SIGN_STYLE = Automatic;
				INFOPLIST_FILE = FritzHandPoseEstimationDemo/Info.plist;
				LD_RUNPATH_SEARCH_PATHS = (
					"$(inherited)",
					"@executable_path/Frameworks",
				);
				PRODUCT_BUNDLE_IDENTIFIER = ai.fritz.FritzHandPoseEstimationDemo;
				PRODUCT_NAME = "$(TARGET_NAME)";
				SWIFT_VERSION = 5.0;
				TARGETED_DEVICE_FAMILY = "1,2";
			};
			name = Release;
		};
/* End XCBuildConfiguration section */

/* Begin XCConfigurationList section */
		8350938F2266E79700A81041 /* Build configuration list for PBXProject "FritzPoseEstimationDemo" */ = {
			isa = XCConfigurationList;
			buildConfigurations = (
				835093A42266E79A00A81041 /* Debug */,
				835093A52266E79A00A81041 /* Release */,
			);
			defaultConfigurationIsVisible = 0;
			defaultConfigurationName = Release;
		};
		835093A62266E79A00A81041 /* Build configuration list for PBXNativeTarget "FritzHandPoseEstimationDemo" */ = {
			isa = XCConfigurationList;
			buildConfigurations = (
				835093A72266E79A00A81041 /* Debug */,
				835093A82266E79A00A81041 /* Release */,
			);
			defaultConfigurationIsVisible = 0;
			defaultConfigurationName = Release;
		};
/* End XCConfigurationList section */
	};
	rootObject = 8350938C2266E79700A81041 /* Project object */;
}
