// !$*UTF8*$!
{
	archiveVersion = 1;
	classes = {
	};
	objectVersion = 48;
	objects = {

/* Begin PBXBuildFile section */
		05EF5E33F1BB897F7E2DA89C /* Pods_FritzAIStudio.framework in Frameworks */ = {isa = PBXBuildFile; fileRef = 987A4D76A43F0D9DAAA2EEA0 /* Pods_FritzAIStudio.framework */; };
		381817E31FE2DADD00050FF6 /* RootViewController.swift in Sources */ = {isa = PBXBuildFile; fileRef = 381817E21FE2DADD00050FF6 /* RootViewController.swift */; };
		381817E51FE2DAE400050FF6 /* Root.storyboard in Resources */ = {isa = PBXBuildFile; fileRef = 381817E41FE2DAE400050FF6 /* Root.storyboard */; };
		383D40CB1FE18FAC00438A9B /* R.generated.swift in Sources */ = {isa = PBXBuildFile; fileRef = 383D40CA1FE18FAC00438A9B /* R.generated.swift */; };
		385CF1B31FF2EAA200F1BFF0 /* DemosViewController.swift in Sources */ = {isa = PBXBuildFile; fileRef = 385CF1B21FF2EAA200F1BFF0 /* DemosViewController.swift */; };
		385CF1B51FF2EAAA00F1BFF0 /* Demos.storyboard in Resources */ = {isa = PBXBuildFile; fileRef = 385CF1B41FF2EAAA00F1BFF0 /* Demos.storyboard */; };
		385CF1B81FF2F14700F1BFF0 /* DemoTableViewCell.swift in Sources */ = {isa = PBXBuildFile; fileRef = 385CF1B71FF2F14700F1BFF0 /* DemoTableViewCell.swift */; };
		3890742A1FFDE6A000DFF7F9 /* FritzVisionLabelViewController.swift in Sources */ = {isa = PBXBuildFile; fileRef = 389074291FFDE6A000DFF7F9 /* FritzVisionLabelViewController.swift */; };
		3890742C1FFDE6A900DFF7F9 /* LabelImages.storyboard in Resources */ = {isa = PBXBuildFile; fileRef = 3890742B1FFDE6A900DFF7F9 /* LabelImages.storyboard */; };
		38E96C042001310000683571 /* NavigationController.swift in Sources */ = {isa = PBXBuildFile; fileRef = 38E96C032001310000683571 /* NavigationController.swift */; };
		38F2E23A1FE0D0B6007241CB /* AppDelegate.swift in Sources */ = {isa = PBXBuildFile; fileRef = 38F2E2391FE0D0B6007241CB /* AppDelegate.swift */; };
		38F2E2411FE0D0B6007241CB /* Assets.xcassets in Resources */ = {isa = PBXBuildFile; fileRef = 38F2E2401FE0D0B6007241CB /* Assets.xcassets */; };
		38F2E2441FE0D0B6007241CB /* LaunchScreen.storyboard in Resources */ = {isa = PBXBuildFile; fileRef = 38F2E2421FE0D0B6007241CB /* LaunchScreen.storyboard */; };
		3B5631AD233A7A3200B2D289 /* FritzLogger.swift in Sources */ = {isa = PBXBuildFile; fileRef = 3B5631AC233A7A3200B2D289 /* FritzLogger.swift */; };
		8325F7E922323110007C1D38 /* StyleTransferViewController.swift in Sources */ = {isa = PBXBuildFile; fileRef = 8325F7E822323110007C1D38 /* StyleTransferViewController.swift */; };
		8325F7F1223238DC007C1D38 /* SegmentSliderCell.swift in Sources */ = {isa = PBXBuildFile; fileRef = 8325F7F0223238DC007C1D38 /* SegmentSliderCell.swift */; };
		8325F7F3223243FB007C1D38 /* SegmentSliderCell.xib in Resources */ = {isa = PBXBuildFile; fileRef = 8325F7F2223243FB007C1D38 /* SegmentSliderCell.xib */; };
		8325F7F522325A29007C1D38 /* LinkTableViewCell.swift in Sources */ = {isa = PBXBuildFile; fileRef = 8325F7F422325A29007C1D38 /* LinkTableViewCell.swift */; };
		8375F0262271313B0048B9D8 /* AIStudioFeaturePredictors.swift in Sources */ = {isa = PBXBuildFile; fileRef = 8375F0252271313B0048B9D8 /* AIStudioFeaturePredictors.swift */; };
		8375F028227134780048B9D8 /* PredictorOptionTypes.swift in Sources */ = {isa = PBXBuildFile; fileRef = 8375F027227134780048B9D8 /* PredictorOptionTypes.swift */; };
		8375F02B227135F80048B9D8 /* ImagePredictorProtocol.swift in Sources */ = {isa = PBXBuildFile; fileRef = 8375F02A227135F80048B9D8 /* ImagePredictorProtocol.swift */; };
		8375F02F22714D4E0048B9D8 /* NavigationBarCustomization.swift in Sources */ = {isa = PBXBuildFile; fileRef = 8375F02E22714D4E0048B9D8 /* NavigationBarCustomization.swift */; };
		8375F03522721CE00048B9D8 /* HairColor+ColorSlider.swift in Sources */ = {isa = PBXBuildFile; fileRef = 8375F03422721CE00048B9D8 /* HairColor+ColorSlider.swift */; };
		8379BD3E22725B72008E041D /* styleTransferBoston.jpg in Resources */ = {isa = PBXBuildFile; fileRef = 8379BD3D22725B71008E041D /* styleTransferBoston.jpg */; };
		8379BD4022725CF9008E041D /* eric.jpg in Resources */ = {isa = PBXBuildFile; fileRef = 8379BD3F22725CF9008E041D /* eric.jpg */; };
		8379BD462272604A008E041D /* hair1.jpg in Resources */ = {isa = PBXBuildFile; fileRef = 8379BD452272604A008E041D /* hair1.jpg */; };
		8379BD4A2272664D008E041D /* pose.jpg in Resources */ = {isa = PBXBuildFile; fileRef = 8379BD492272664D008E041D /* pose.jpg */; };
		8379BD4F22739102008E041D /* DebugImageExtensions.swift in Sources */ = {isa = PBXBuildFile; fileRef = 8379BD4E22739102008E041D /* DebugImageExtensions.swift */; };
		837B6EEC226A6C9300158698 /* ChooseColorCell.swift in Sources */ = {isa = PBXBuildFile; fileRef = 837B6EEB226A6C9300158698 /* ChooseColorCell.swift */; };
		837B6EEE226A6CDF00158698 /* ChooseColorCell.xib in Resources */ = {isa = PBXBuildFile; fileRef = 837B6EED226A6CDF00158698 /* ChooseColorCell.xib */; };
		838B528B2102432700E0D50A /* DetectObjectsViewController.swift in Sources */ = {isa = PBXBuildFile; fileRef = 838B528A2102432700E0D50A /* DetectObjectsViewController.swift */; };
		838B528D210243CF00E0D50A /* DetectObjectsStoryboard.storyboard in Resources */ = {isa = PBXBuildFile; fileRef = 838B528C210243CF00E0D50A /* DetectObjectsStoryboard.storyboard */; };
		839231F2222F76F1001182EB /* ChooseModelController.swift in Sources */ = {isa = PBXBuildFile; fileRef = 839231F1222F76F1001182EB /* ChooseModelController.swift */; };
		839231F4222F8DF9001182EB /* ConfigurePopover.swift in Sources */ = {isa = PBXBuildFile; fileRef = 839231F3222F8DF9001182EB /* ConfigurePopover.swift */; };
		839231F6222F9282001182EB /* FritzModelDetails.swift in Sources */ = {isa = PBXBuildFile; fileRef = 839231F5222F9282001182EB /* FritzModelDetails.swift */; };
		8392321B2230673D001182EB /* ModelOptions.storyboard in Resources */ = {isa = PBXBuildFile; fileRef = 8392321A2230673D001182EB /* ModelOptions.storyboard */; };
		8396CA2D220A9FDC00742120 /* PoseEstimationViewController.swift in Sources */ = {isa = PBXBuildFile; fileRef = 8396CA2C220A9FDC00742120 /* PoseEstimationViewController.swift */; };
		83AC97D72149CB8600E86B44 /* ImageSegmentationViewController.swift in Sources */ = {isa = PBXBuildFile; fileRef = 83AC97D62149CB8600E86B44 /* ImageSegmentationViewController.swift */; };
		83E704B9226A4D4B00FF678D /* HairColorViewController.swift in Sources */ = {isa = PBXBuildFile; fileRef = 83E704B8226A4D4B00FF678D /* HairColorViewController.swift */; };
		83F8B4962231932C00686149 /* FeatureViewController.swift in Sources */ = {isa = PBXBuildFile; fileRef = 83F8B4952231932C00686149 /* FeatureViewController.swift */; };
		83F8B4982231934F00686149 /* ModelGroupManager.swift in Sources */ = {isa = PBXBuildFile; fileRef = 83F8B4972231934F00686149 /* ModelGroupManager.swift */; };
		83F8B49A2231A65C00686149 /* AIStudioImagePredictor.swift in Sources */ = {isa = PBXBuildFile; fileRef = 83F8B4992231A65C00686149 /* AIStudioImagePredictor.swift */; };
		83F8B49F2231C4DB00686149 /* ChooseModelCell.swift in Sources */ = {isa = PBXBuildFile; fileRef = 83F8B49E2231C4DB00686149 /* ChooseModelCell.swift */; };
		83F8B4A12231CAB400686149 /* ChooseModelCell.xib in Resources */ = {isa = PBXBuildFile; fileRef = 83F8B4A02231CAB300686149 /* ChooseModelCell.xib */; };
		83F8B4A32231E25800686149 /* RangeSliderCell.xib in Resources */ = {isa = PBXBuildFile; fileRef = 83F8B4A22231E25800686149 /* RangeSliderCell.xib */; };
		83F8B4A522320AD200686149 /* RangeSliderCell.swift in Sources */ = {isa = PBXBuildFile; fileRef = 83F8B4A422320AD200686149 /* RangeSliderCell.swift */; };
		83F8B4A722320AF700686149 /* FeatureOptions.swift in Sources */ = {isa = PBXBuildFile; fileRef = 83F8B4A622320AF700686149 /* FeatureOptions.swift */; };
		83FFFA7E226BB09B0038EEE2 /* FritzCamera.swift in Sources */ = {isa = PBXBuildFile; fileRef = 83FFFA7D226BB09B0038EEE2 /* FritzCamera.swift */; };
		83FFFA80226BB4E60038EEE2 /* CameraSessionExtensions.swift in Sources */ = {isa = PBXBuildFile; fileRef = 83FFFA7F226BB4E60038EEE2 /* CameraSessionExtensions.swift */; };
		83FFFA82226BB6B90038EEE2 /* FritzCamera+CaptureDeviceExtensions.swift in Sources */ = {isa = PBXBuildFile; fileRef = 83FFFA81226BB6B90038EEE2 /* FritzCamera+CaptureDeviceExtensions.swift */; };
		83FFFA84226BB7620038EEE2 /* CameraResolutionExtension.swift in Sources */ = {isa = PBXBuildFile; fileRef = 83FFFA83226BB7620038EEE2 /* CameraResolutionExtension.swift */; };
		83FFFA86226BB9360038EEE2 /* FritzCamera+Focus.swift in Sources */ = {isa = PBXBuildFile; fileRef = 83FFFA85226BB9360038EEE2 /* FritzCamera+Focus.swift */; };
		83FFFA88226BBA5E0038EEE2 /* CameraAVCaptureVideoDelegate.swift in Sources */ = {isa = PBXBuildFile; fileRef = 83FFFA87226BBA5E0038EEE2 /* CameraAVCaptureVideoDelegate.swift */; };
		83FFFA8B226BBCDF0038EEE2 /* FritzCameraButton.swift in Sources */ = {isa = PBXBuildFile; fileRef = 83FFFA8A226BBCDF0038EEE2 /* FritzCameraButton.swift */; };
		83FFFA8D226BBD6E0038EEE2 /* FritzCameraViewController.swift in Sources */ = {isa = PBXBuildFile; fileRef = 83FFFA8C226BBD6E0038EEE2 /* FritzCameraViewController.swift */; };
		83FFFA92226BBDD80038EEE2 /* Logging.swift in Sources */ = {isa = PBXBuildFile; fileRef = 83FFFA8F226BBDD80038EEE2 /* Logging.swift */; };
		83FFFA93226BBDD80038EEE2 /* LogHandler.swift in Sources */ = {isa = PBXBuildFile; fileRef = 83FFFA90226BBDD80038EEE2 /* LogHandler.swift */; };
		83FFFA94226BBDD80038EEE2 /* Locks.swift in Sources */ = {isa = PBXBuildFile; fileRef = 83FFFA91226BBDD80038EEE2 /* Locks.swift */; };
		83FFFA96226BBE660038EEE2 /* Media.xcassets in Resources */ = {isa = PBXBuildFile; fileRef = 83FFFA95226BBE650038EEE2 /* Media.xcassets */; };
		83FFFA9A226BC13F0038EEE2 /* FocusExtension.swift in Sources */ = {isa = PBXBuildFile; fileRef = 83FFFA99226BC13F0038EEE2 /* FocusExtension.swift */; };
		83FFFA9C226BC2640038EEE2 /* CameraInterfaceHandler.swift in Sources */ = {isa = PBXBuildFile; fileRef = 83FFFA9B226BC2640038EEE2 /* CameraInterfaceHandler.swift */; };
		83FFFA9E226BC2BC0038EEE2 /* FritzTextPromptView.swift in Sources */ = {isa = PBXBuildFile; fileRef = 83FFFA9D226BC2BC0038EEE2 /* FritzTextPromptView.swift */; };
		83FFFAA0226BC5980038EEE2 /* ButtonFunctionality.swift in Sources */ = {isa = PBXBuildFile; fileRef = 83FFFA9F226BC5980038EEE2 /* ButtonFunctionality.swift */; };
		83FFFAA2226BC8F60038EEE2 /* CameraDelegateImplmentation.swift in Sources */ = {isa = PBXBuildFile; fileRef = 83FFFAA1226BC8F60038EEE2 /* CameraDelegateImplmentation.swift */; };
		83FFFAA4226BC9C00038EEE2 /* FritzCameraControllerDelegate.swift in Sources */ = {isa = PBXBuildFile; fileRef = 83FFFAA3226BC9C00038EEE2 /* FritzCameraControllerDelegate.swift */; };
		83FFFAA6226BCAD30038EEE2 /* GestureReconizerDelegateExtension.swift in Sources */ = {isa = PBXBuildFile; fileRef = 83FFFAA5226BCAD30038EEE2 /* GestureReconizerDelegateExtension.swift */; };
		83FFFAA8226BCB3F0038EEE2 /* FritzDeviceUtil.swift in Sources */ = {isa = PBXBuildFile; fileRef = 83FFFAA7226BCB3F0038EEE2 /* FritzDeviceUtil.swift */; };
		83FFFAAF226C1D020038EEE2 /* SettingsButton.swift in Sources */ = {isa = PBXBuildFile; fileRef = 83FFFAAE226C1D020038EEE2 /* SettingsButton.swift */; };
		83FFFAB2226C2F6F0038EEE2 /* SettingsButtonInteractionExtension.swift in Sources */ = {isa = PBXBuildFile; fileRef = 83FFFAB1226C2F6F0038EEE2 /* SettingsButtonInteractionExtension.swift */; };
		83FFFAD8226E5C1E0038EEE2 /* ImageSegmentationFeature.swift in Sources */ = {isa = PBXBuildFile; fileRef = 83FFFAD7226E5C1E0038EEE2 /* ImageSegmentationFeature.swift */; };
		83FFFADA226ED1400038EEE2 /* CapturePhotoDelgate.swift in Sources */ = {isa = PBXBuildFile; fileRef = 83FFFAD9226ED1400038EEE2 /* CapturePhotoDelgate.swift */; };
		83FFFADC226ED4460038EEE2 /* PhotoCaptureExtensions.swift in Sources */ = {isa = PBXBuildFile; fileRef = 83FFFADB226ED4460038EEE2 /* PhotoCaptureExtensions.swift */; };
		83FFFADE226ED66C0038EEE2 /* AVPhotoExtension.swift in Sources */ = {isa = PBXBuildFile; fileRef = 83FFFADD226ED66C0038EEE2 /* AVPhotoExtension.swift */; };
		83FFFAE2226EF2760038EEE2 /* PoseEstimation+ImagePredictor.swift in Sources */ = {isa = PBXBuildFile; fileRef = 83FFFAE1226EF2760038EEE2 /* PoseEstimation+ImagePredictor.swift */; };
/* End PBXBuildFile section */

/* Begin PBXFileReference section */
		381817E21FE2DADD00050FF6 /* RootViewController.swift */ = {isa = PBXFileReference; lastKnownFileType = sourcecode.swift; path = RootViewController.swift; sourceTree = "<group>"; };
		381817E41FE2DAE400050FF6 /* Root.storyboard */ = {isa = PBXFileReference; lastKnownFileType = file.storyboard; path = Root.storyboard; sourceTree = "<group>"; };
		383D40CA1FE18FAC00438A9B /* R.generated.swift */ = {isa = PBXFileReference; fileEncoding = 4; lastKnownFileType = sourcecode.swift; name = R.generated.swift; path = FritzAIStudio/R.generated.swift; sourceTree = SOURCE_ROOT; };
		385CF1B21FF2EAA200F1BFF0 /* DemosViewController.swift */ = {isa = PBXFileReference; lastKnownFileType = sourcecode.swift; path = DemosViewController.swift; sourceTree = "<group>"; };
		385CF1B41FF2EAAA00F1BFF0 /* Demos.storyboard */ = {isa = PBXFileReference; lastKnownFileType = file.storyboard; path = Demos.storyboard; sourceTree = "<group>"; };
		385CF1B71FF2F14700F1BFF0 /* DemoTableViewCell.swift */ = {isa = PBXFileReference; lastKnownFileType = sourcecode.swift; path = DemoTableViewCell.swift; sourceTree = "<group>"; };
		389074291FFDE6A000DFF7F9 /* FritzVisionLabelViewController.swift */ = {isa = PBXFileReference; lastKnownFileType = sourcecode.swift; path = FritzVisionLabelViewController.swift; sourceTree = "<group>"; };
		3890742B1FFDE6A900DFF7F9 /* LabelImages.storyboard */ = {isa = PBXFileReference; lastKnownFileType = file.storyboard; path = LabelImages.storyboard; sourceTree = "<group>"; };
		38E96C032001310000683571 /* NavigationController.swift */ = {isa = PBXFileReference; fileEncoding = 4; lastKnownFileType = sourcecode.swift; path = NavigationController.swift; sourceTree = "<group>"; };
		38F2E2361FE0D0B6007241CB /* FritzAIStudio.app */ = {isa = PBXFileReference; explicitFileType = wrapper.application; includeInIndex = 0; path = FritzAIStudio.app; sourceTree = BUILT_PRODUCTS_DIR; };
		38F2E2391FE0D0B6007241CB /* AppDelegate.swift */ = {isa = PBXFileReference; lastKnownFileType = sourcecode.swift; path = AppDelegate.swift; sourceTree = "<group>"; };
		38F2E2401FE0D0B6007241CB /* Assets.xcassets */ = {isa = PBXFileReference; lastKnownFileType = folder.assetcatalog; path = Assets.xcassets; sourceTree = "<group>"; };
		38F2E2431FE0D0B6007241CB /* Base */ = {isa = PBXFileReference; lastKnownFileType = file.storyboard; name = Base; path = Base.lproj/LaunchScreen.storyboard; sourceTree = "<group>"; };
		38F2E2451FE0D0B6007241CB /* Info.plist */ = {isa = PBXFileReference; lastKnownFileType = text.plist.xml; path = Info.plist; sourceTree = "<group>"; };
		3B5631AC233A7A3200B2D289 /* FritzLogger.swift */ = {isa = PBXFileReference; fileEncoding = 4; lastKnownFileType = sourcecode.swift; path = FritzLogger.swift; sourceTree = "<group>"; };
		8325F7E822323110007C1D38 /* StyleTransferViewController.swift */ = {isa = PBXFileReference; lastKnownFileType = sourcecode.swift; path = StyleTransferViewController.swift; sourceTree = "<group>"; };
		8325F7F0223238DC007C1D38 /* SegmentSliderCell.swift */ = {isa = PBXFileReference; lastKnownFileType = sourcecode.swift; path = SegmentSliderCell.swift; sourceTree = "<group>"; };
		8325F7F2223243FB007C1D38 /* SegmentSliderCell.xib */ = {isa = PBXFileReference; lastKnownFileType = file.xib; path = SegmentSliderCell.xib; sourceTree = "<group>"; };
		8325F7F422325A29007C1D38 /* LinkTableViewCell.swift */ = {isa = PBXFileReference; lastKnownFileType = sourcecode.swift; path = LinkTableViewCell.swift; sourceTree = "<group>"; };
		8375F0252271313B0048B9D8 /* AIStudioFeaturePredictors.swift */ = {isa = PBXFileReference; lastKnownFileType = sourcecode.swift; path = AIStudioFeaturePredictors.swift; sourceTree = "<group>"; };
		8375F027227134780048B9D8 /* PredictorOptionTypes.swift */ = {isa = PBXFileReference; lastKnownFileType = sourcecode.swift; path = PredictorOptionTypes.swift; sourceTree = "<group>"; };
		8375F02A227135F80048B9D8 /* ImagePredictorProtocol.swift */ = {isa = PBXFileReference; lastKnownFileType = sourcecode.swift; path = ImagePredictorProtocol.swift; sourceTree = "<group>"; };
		8375F02E22714D4E0048B9D8 /* NavigationBarCustomization.swift */ = {isa = PBXFileReference; lastKnownFileType = sourcecode.swift; path = NavigationBarCustomization.swift; sourceTree = "<group>"; };
		8375F03422721CE00048B9D8 /* HairColor+ColorSlider.swift */ = {isa = PBXFileReference; lastKnownFileType = sourcecode.swift; path = "HairColor+ColorSlider.swift"; sourceTree = "<group>"; };
		8379BD3D22725B71008E041D /* styleTransferBoston.jpg */ = {isa = PBXFileReference; lastKnownFileType = image.jpeg; path = styleTransferBoston.jpg; sourceTree = "<group>"; };
		8379BD3F22725CF9008E041D /* eric.jpg */ = {isa = PBXFileReference; lastKnownFileType = image.jpeg; path = eric.jpg; sourceTree = "<group>"; };
		8379BD452272604A008E041D /* hair1.jpg */ = {isa = PBXFileReference; lastKnownFileType = image.jpeg; path = hair1.jpg; sourceTree = "<group>"; };
		8379BD492272664D008E041D /* pose.jpg */ = {isa = PBXFileReference; lastKnownFileType = image.jpeg; path = pose.jpg; sourceTree = "<group>"; };
		8379BD4E22739102008E041D /* DebugImageExtensions.swift */ = {isa = PBXFileReference; lastKnownFileType = sourcecode.swift; path = DebugImageExtensions.swift; sourceTree = "<group>"; };
		837B6EEB226A6C9300158698 /* ChooseColorCell.swift */ = {isa = PBXFileReference; lastKnownFileType = sourcecode.swift; path = ChooseColorCell.swift; sourceTree = "<group>"; };
		837B6EED226A6CDF00158698 /* ChooseColorCell.xib */ = {isa = PBXFileReference; lastKnownFileType = file.xib; path = ChooseColorCell.xib; sourceTree = "<group>"; };
		838B528A2102432700E0D50A /* DetectObjectsViewController.swift */ = {isa = PBXFileReference; lastKnownFileType = sourcecode.swift; path = DetectObjectsViewController.swift; sourceTree = "<group>"; };
		838B528C210243CF00E0D50A /* DetectObjectsStoryboard.storyboard */ = {isa = PBXFileReference; lastKnownFileType = file.storyboard; path = DetectObjectsStoryboard.storyboard; sourceTree = "<group>"; };
		839231F1222F76F1001182EB /* ChooseModelController.swift */ = {isa = PBXFileReference; lastKnownFileType = sourcecode.swift; path = ChooseModelController.swift; sourceTree = "<group>"; };
		839231F3222F8DF9001182EB /* ConfigurePopover.swift */ = {isa = PBXFileReference; lastKnownFileType = sourcecode.swift; path = ConfigurePopover.swift; sourceTree = "<group>"; };
		839231F5222F9282001182EB /* FritzModelDetails.swift */ = {isa = PBXFileReference; lastKnownFileType = sourcecode.swift; path = FritzModelDetails.swift; sourceTree = "<group>"; };
		8392321A2230673D001182EB /* ModelOptions.storyboard */ = {isa = PBXFileReference; lastKnownFileType = file.storyboard; path = ModelOptions.storyboard; sourceTree = "<group>"; };
		8396CA2C220A9FDC00742120 /* PoseEstimationViewController.swift */ = {isa = PBXFileReference; lastKnownFileType = sourcecode.swift; path = PoseEstimationViewController.swift; sourceTree = "<group>"; };
		83AC97D62149CB8600E86B44 /* ImageSegmentationViewController.swift */ = {isa = PBXFileReference; lastKnownFileType = sourcecode.swift; path = ImageSegmentationViewController.swift; sourceTree = "<group>"; };
		83E704B8226A4D4B00FF678D /* HairColorViewController.swift */ = {isa = PBXFileReference; fileEncoding = 4; lastKnownFileType = sourcecode.swift; path = HairColorViewController.swift; sourceTree = "<group>"; };
		83F8B4952231932C00686149 /* FeatureViewController.swift */ = {isa = PBXFileReference; lastKnownFileType = sourcecode.swift; path = FeatureViewController.swift; sourceTree = "<group>"; };
		83F8B4972231934F00686149 /* ModelGroupManager.swift */ = {isa = PBXFileReference; lastKnownFileType = sourcecode.swift; path = ModelGroupManager.swift; sourceTree = "<group>"; };
		83F8B4992231A65C00686149 /* AIStudioImagePredictor.swift */ = {isa = PBXFileReference; lastKnownFileType = sourcecode.swift; path = AIStudioImagePredictor.swift; sourceTree = "<group>"; };
		83F8B49E2231C4DB00686149 /* ChooseModelCell.swift */ = {isa = PBXFileReference; lastKnownFileType = sourcecode.swift; path = ChooseModelCell.swift; sourceTree = "<group>"; };
		83F8B4A02231CAB300686149 /* ChooseModelCell.xib */ = {isa = PBXFileReference; lastKnownFileType = file.xib; path = ChooseModelCell.xib; sourceTree = "<group>"; };
		83F8B4A22231E25800686149 /* RangeSliderCell.xib */ = {isa = PBXFileReference; lastKnownFileType = file.xib; path = RangeSliderCell.xib; sourceTree = "<group>"; };
		83F8B4A422320AD200686149 /* RangeSliderCell.swift */ = {isa = PBXFileReference; lastKnownFileType = sourcecode.swift; path = RangeSliderCell.swift; sourceTree = "<group>"; };
		83F8B4A622320AF700686149 /* FeatureOptions.swift */ = {isa = PBXFileReference; lastKnownFileType = sourcecode.swift; path = FeatureOptions.swift; sourceTree = "<group>"; };
		83FFFA7D226BB09B0038EEE2 /* FritzCamera.swift */ = {isa = PBXFileReference; lastKnownFileType = sourcecode.swift; path = FritzCamera.swift; sourceTree = "<group>"; };
		83FFFA7F226BB4E60038EEE2 /* CameraSessionExtensions.swift */ = {isa = PBXFileReference; lastKnownFileType = sourcecode.swift; path = CameraSessionExtensions.swift; sourceTree = "<group>"; };
		83FFFA81226BB6B90038EEE2 /* FritzCamera+CaptureDeviceExtensions.swift */ = {isa = PBXFileReference; lastKnownFileType = sourcecode.swift; path = "FritzCamera+CaptureDeviceExtensions.swift"; sourceTree = "<group>"; };
		83FFFA83226BB7620038EEE2 /* CameraResolutionExtension.swift */ = {isa = PBXFileReference; lastKnownFileType = sourcecode.swift; path = CameraResolutionExtension.swift; sourceTree = "<group>"; };
		83FFFA85226BB9360038EEE2 /* FritzCamera+Focus.swift */ = {isa = PBXFileReference; lastKnownFileType = sourcecode.swift; path = "FritzCamera+Focus.swift"; sourceTree = "<group>"; };
		83FFFA87226BBA5E0038EEE2 /* CameraAVCaptureVideoDelegate.swift */ = {isa = PBXFileReference; lastKnownFileType = sourcecode.swift; path = CameraAVCaptureVideoDelegate.swift; sourceTree = "<group>"; };
		83FFFA8A226BBCDF0038EEE2 /* FritzCameraButton.swift */ = {isa = PBXFileReference; lastKnownFileType = sourcecode.swift; path = FritzCameraButton.swift; sourceTree = "<group>"; };
		83FFFA8C226BBD6E0038EEE2 /* FritzCameraViewController.swift */ = {isa = PBXFileReference; lastKnownFileType = sourcecode.swift; path = FritzCameraViewController.swift; sourceTree = "<group>"; };
		83FFFA8F226BBDD80038EEE2 /* Logging.swift */ = {isa = PBXFileReference; fileEncoding = 4; lastKnownFileType = sourcecode.swift; path = Logging.swift; sourceTree = "<group>"; };
		83FFFA90226BBDD80038EEE2 /* LogHandler.swift */ = {isa = PBXFileReference; fileEncoding = 4; lastKnownFileType = sourcecode.swift; path = LogHandler.swift; sourceTree = "<group>"; };
		83FFFA91226BBDD80038EEE2 /* Locks.swift */ = {isa = PBXFileReference; fileEncoding = 4; lastKnownFileType = sourcecode.swift; path = Locks.swift; sourceTree = "<group>"; };
		83FFFA95226BBE650038EEE2 /* Media.xcassets */ = {isa = PBXFileReference; lastKnownFileType = folder.assetcatalog; path = Media.xcassets; sourceTree = "<group>"; };
		83FFFA99226BC13F0038EEE2 /* FocusExtension.swift */ = {isa = PBXFileReference; lastKnownFileType = sourcecode.swift; path = FocusExtension.swift; sourceTree = "<group>"; };
		83FFFA9B226BC2640038EEE2 /* CameraInterfaceHandler.swift */ = {isa = PBXFileReference; lastKnownFileType = sourcecode.swift; path = CameraInterfaceHandler.swift; sourceTree = "<group>"; };
		83FFFA9D226BC2BC0038EEE2 /* FritzTextPromptView.swift */ = {isa = PBXFileReference; lastKnownFileType = sourcecode.swift; path = FritzTextPromptView.swift; sourceTree = "<group>"; };
		83FFFA9F226BC5980038EEE2 /* ButtonFunctionality.swift */ = {isa = PBXFileReference; lastKnownFileType = sourcecode.swift; path = ButtonFunctionality.swift; sourceTree = "<group>"; };
		83FFFAA1226BC8F60038EEE2 /* CameraDelegateImplmentation.swift */ = {isa = PBXFileReference; lastKnownFileType = sourcecode.swift; path = CameraDelegateImplmentation.swift; sourceTree = "<group>"; };
		83FFFAA3226BC9C00038EEE2 /* FritzCameraControllerDelegate.swift */ = {isa = PBXFileReference; lastKnownFileType = sourcecode.swift; path = FritzCameraControllerDelegate.swift; sourceTree = "<group>"; };
		83FFFAA5226BCAD30038EEE2 /* GestureReconizerDelegateExtension.swift */ = {isa = PBXFileReference; lastKnownFileType = sourcecode.swift; path = GestureReconizerDelegateExtension.swift; sourceTree = "<group>"; };
		83FFFAA7226BCB3F0038EEE2 /* FritzDeviceUtil.swift */ = {isa = PBXFileReference; lastKnownFileType = sourcecode.swift; path = FritzDeviceUtil.swift; sourceTree = "<group>"; };
		83FFFAAE226C1D020038EEE2 /* SettingsButton.swift */ = {isa = PBXFileReference; lastKnownFileType = sourcecode.swift; path = SettingsButton.swift; sourceTree = "<group>"; };
		83FFFAB1226C2F6F0038EEE2 /* SettingsButtonInteractionExtension.swift */ = {isa = PBXFileReference; lastKnownFileType = sourcecode.swift; path = SettingsButtonInteractionExtension.swift; sourceTree = "<group>"; };
		83FFFAD7226E5C1E0038EEE2 /* ImageSegmentationFeature.swift */ = {isa = PBXFileReference; lastKnownFileType = sourcecode.swift; path = ImageSegmentationFeature.swift; sourceTree = "<group>"; };
		83FFFAD9226ED1400038EEE2 /* CapturePhotoDelgate.swift */ = {isa = PBXFileReference; lastKnownFileType = sourcecode.swift; path = CapturePhotoDelgate.swift; sourceTree = "<group>"; };
		83FFFADB226ED4460038EEE2 /* PhotoCaptureExtensions.swift */ = {isa = PBXFileReference; lastKnownFileType = sourcecode.swift; path = PhotoCaptureExtensions.swift; sourceTree = "<group>"; };
		83FFFADD226ED66C0038EEE2 /* AVPhotoExtension.swift */ = {isa = PBXFileReference; lastKnownFileType = sourcecode.swift; path = AVPhotoExtension.swift; sourceTree = "<group>"; };
		83FFFAE1226EF2760038EEE2 /* PoseEstimation+ImagePredictor.swift */ = {isa = PBXFileReference; lastKnownFileType = sourcecode.swift; path = "PoseEstimation+ImagePredictor.swift"; sourceTree = "<group>"; };
		987A4D76A43F0D9DAAA2EEA0 /* Pods_FritzAIStudio.framework */ = {isa = PBXFileReference; explicitFileType = wrapper.framework; includeInIndex = 0; path = Pods_FritzAIStudio.framework; sourceTree = BUILT_PRODUCTS_DIR; };
		B5A0312806F40AF1D5063CC7 /* Pods-FritzAIStudio.release.xcconfig */ = {isa = PBXFileReference; includeInIndex = 1; lastKnownFileType = text.xcconfig; name = "Pods-FritzAIStudio.release.xcconfig"; path = "Target Support Files/Pods-FritzAIStudio/Pods-FritzAIStudio.release.xcconfig"; sourceTree = "<group>"; };
		D6D64EB84C51E54A675D10D5 /* Pods-FritzAIStudio.debug.xcconfig */ = {isa = PBXFileReference; includeInIndex = 1; lastKnownFileType = text.xcconfig; name = "Pods-FritzAIStudio.debug.xcconfig"; path = "Target Support Files/Pods-FritzAIStudio/Pods-FritzAIStudio.debug.xcconfig"; sourceTree = "<group>"; };
/* End PBXFileReference section */

/* Begin PBXFrameworksBuildPhase section */
		38F2E2331FE0D0B6007241CB /* Frameworks */ = {
			isa = PBXFrameworksBuildPhase;
			buildActionMask = 2147483647;
			files = (
				05EF5E33F1BB897F7E2DA89C /* Pods_FritzAIStudio.framework in Frameworks */,
			);
			runOnlyForDeploymentPostprocessing = 0;
		};
/* End PBXFrameworksBuildPhase section */

/* Begin PBXGroup section */
		381817D91FE2D93F00050FF6 /* Root */ = {
			isa = PBXGroup;
			children = (
				381817E21FE2DADD00050FF6 /* RootViewController.swift */,
				381817E41FE2DAE400050FF6 /* Root.storyboard */,
			);
			path = Root;
			sourceTree = "<group>";
		};
		381817DA1FE2D94600050FF6 /* Common */ = {
			isa = PBXGroup;
			children = (
				8379BD4B22727E01008E041D /* DebuggingImages */,
				8375F029227134CC0048B9D8 /* Utils */,
				83FFFA8E226BBDD80038EEE2 /* Logging */,
				8375F0252271313B0048B9D8 /* AIStudioFeaturePredictors.swift */,
				8375F02A227135F80048B9D8 /* ImagePredictorProtocol.swift */,
				83F8B4972231934F00686149 /* ModelGroupManager.swift */,
				8375F027227134780048B9D8 /* PredictorOptionTypes.swift */,
				83F8B4992231A65C00686149 /* AIStudioImagePredictor.swift */,
				839231F5222F9282001182EB /* FritzModelDetails.swift */,
			);
			path = Common;
			sourceTree = "<group>";
		};
		383D40C41FE18EEC00438A9B /* Source */ = {
			isa = PBXGroup;
			children = (
				8379BD3922724097008E041D /* FritzCamera */,
				383D40C51FE18EF300438A9B /* Delegate */,
				383D40C61FE18EFA00438A9B /* Modules */,
			);
			path = Source;
			sourceTree = "<group>";
		};
		383D40C51FE18EF300438A9B /* Delegate */ = {
			isa = PBXGroup;
			children = (
				38F2E2391FE0D0B6007241CB /* AppDelegate.swift */,
			);
			path = Delegate;
			sourceTree = "<group>";
		};
		383D40C61FE18EFA00438A9B /* Modules */ = {
			isa = PBXGroup;
			children = (
				83FFFAAD226C1CC80038EEE2 /* FeatureController */,
				385CF1B11FF2EA8600F1BFF0 /* Demos */,
				83FFFADF226EF20B0038EEE2 /* PredictorControllers */,
				83FFFAE0226EF2270038EEE2 /* ModelExtensions */,
				381817DA1FE2D94600050FF6 /* Common */,
				381817D91FE2D93F00050FF6 /* Root */,
			);
			path = Modules;
			sourceTree = "<group>";
		};
		383D40C71FE18F0400438A9B /* Media */ = {
			isa = PBXGroup;
			children = (
				38F2E2401FE0D0B6007241CB /* Assets.xcassets */,
				38F2E2421FE0D0B6007241CB /* LaunchScreen.storyboard */,
			);
			path = Media;
			sourceTree = "<group>";
		};
		383D40C81FE18F0D00438A9B /* Supporting Files */ = {
			isa = PBXGroup;
			children = (
				383D40CA1FE18FAC00438A9B /* R.generated.swift */,
				38F2E2451FE0D0B6007241CB /* Info.plist */,
			);
			path = "Supporting Files";
			sourceTree = "<group>";
		};
		385CF1B11FF2EA8600F1BFF0 /* Demos */ = {
			isa = PBXGroup;
			children = (
				385CF1B61FF2F13400F1BFF0 /* Cells */,
				38E96C032001310000683571 /* NavigationController.swift */,
				385CF1B21FF2EAA200F1BFF0 /* DemosViewController.swift */,
				385CF1B41FF2EAAA00F1BFF0 /* Demos.storyboard */,
			);
			path = Demos;
			sourceTree = "<group>";
		};
		385CF1B61FF2F13400F1BFF0 /* Cells */ = {
			isa = PBXGroup;
			children = (
				385CF1B71FF2F14700F1BFF0 /* DemoTableViewCell.swift */,
				8325F7F422325A29007C1D38 /* LinkTableViewCell.swift */,
			);
			path = Cells;
			sourceTree = "<group>";
		};
		389074281FFDE68900DFF7F9 /* LabelImages */ = {
			isa = PBXGroup;
			children = (
				389074291FFDE6A000DFF7F9 /* FritzVisionLabelViewController.swift */,
				3890742B1FFDE6A900DFF7F9 /* LabelImages.storyboard */,
			);
			path = LabelImages;
			sourceTree = "<group>";
		};
		38F2E22D1FE0D0B6007241CB = {
			isa = PBXGroup;
			children = (
				38F2E2381FE0D0B6007241CB /* FritzAIStudio */,
				38F2E2371FE0D0B6007241CB /* Products */,
				BB7C1803FE2702C0510B0BC9 /* Pods */,
				A2FA376779F0F93A7EBAFE6F /* Frameworks */,
			);
			sourceTree = "<group>";
		};
		38F2E2371FE0D0B6007241CB /* Products */ = {
			isa = PBXGroup;
			children = (
				38F2E2361FE0D0B6007241CB /* FritzAIStudio.app */,
			);
			name = Products;
			sourceTree = "<group>";
		};
		38F2E2381FE0D0B6007241CB /* FritzAIStudio */ = {
			isa = PBXGroup;
			children = (
				383D40C41FE18EEC00438A9B /* Source */,
				383D40C71FE18F0400438A9B /* Media */,
				383D40C81FE18F0D00438A9B /* Supporting Files */,
			);
			path = FritzAIStudio;
			sourceTree = "<group>";
		};
		8375F029227134CC0048B9D8 /* Utils */ = {
			isa = PBXGroup;
			children = (
				3B5631AC233A7A3200B2D289 /* FritzLogger.swift */,
				83FFFAA7226BCB3F0038EEE2 /* FritzDeviceUtil.swift */,
			);
			path = Utils;
			sourceTree = "<group>";
		};
		8379BD3922724097008E041D /* FritzCamera */ = {
			isa = PBXGroup;
			children = (
				83FFFA7C226BAF880038EEE2 /* FritzCamera */,
				83FFFA89226BBCB40038EEE2 /* FritzCameraUI */,
			);
			path = FritzCamera;
			sourceTree = "<group>";
		};
		8379BD4B22727E01008E041D /* DebuggingImages */ = {
			isa = PBXGroup;
			children = (
				8379BD3D22725B71008E041D /* styleTransferBoston.jpg */,
				8379BD3F22725CF9008E041D /* eric.jpg */,
				8379BD452272604A008E041D /* hair1.jpg */,
				8379BD492272664D008E041D /* pose.jpg */,
			);
			path = DebuggingImages;
			sourceTree = "<group>";
		};
		838B5289210242DD00E0D50A /* DetectObjects */ = {
			isa = PBXGroup;
			children = (
				838B528A2102432700E0D50A /* DetectObjectsViewController.swift */,
				838B528C210243CF00E0D50A /* DetectObjectsStoryboard.storyboard */,
			);
			path = DetectObjects;
			sourceTree = "<group>";
		};
		83F8B49D2231C4C200686149 /* ConfigureModelCells */ = {
			isa = PBXGroup;
			children = (
				83F8B4A02231CAB300686149 /* ChooseModelCell.xib */,
				83F8B49E2231C4DB00686149 /* ChooseModelCell.swift */,
				8325F7F0223238DC007C1D38 /* SegmentSliderCell.swift */,
				8325F7F2223243FB007C1D38 /* SegmentSliderCell.xib */,
				83F8B4A422320AD200686149 /* RangeSliderCell.swift */,
				83F8B4A22231E25800686149 /* RangeSliderCell.xib */,
				837B6EEB226A6C9300158698 /* ChooseColorCell.swift */,
				837B6EED226A6CDF00158698 /* ChooseColorCell.xib */,
			);
			path = ConfigureModelCells;
			sourceTree = "<group>";
		};
		83FFFA7C226BAF880038EEE2 /* FritzCamera */ = {
			isa = PBXGroup;
			children = (
				83FFFA7D226BB09B0038EEE2 /* FritzCamera.swift */,
				83FFFAD0226E51E60038EEE2 /* Extensions */,
				83FFFACF226E51D50038EEE2 /* Delegates */,
			);
			path = FritzCamera;
			sourceTree = "<group>";
		};
		83FFFA89226BBCB40038EEE2 /* FritzCameraUI */ = {
			isa = PBXGroup;
			children = (
				83FFFAB3226E19970038EEE2 /* Extensions */,
				83FFFA8C226BBD6E0038EEE2 /* FritzCameraViewController.swift */,
				83FFFAA1226BC8F60038EEE2 /* CameraDelegateImplmentation.swift */,
				83FFFA8A226BBCDF0038EEE2 /* FritzCameraButton.swift */,
				83FFFA9D226BC2BC0038EEE2 /* FritzTextPromptView.swift */,
				83FFFAA3226BC9C00038EEE2 /* FritzCameraControllerDelegate.swift */,
				83FFFA95226BBE650038EEE2 /* Media.xcassets */,
			);
			path = FritzCameraUI;
			sourceTree = "<group>";
		};
		83FFFA8E226BBDD80038EEE2 /* Logging */ = {
			isa = PBXGroup;
			children = (
				83FFFA8F226BBDD80038EEE2 /* Logging.swift */,
				83FFFA90226BBDD80038EEE2 /* LogHandler.swift */,
				83FFFA91226BBDD80038EEE2 /* Locks.swift */,
			);
			path = Logging;
			sourceTree = "<group>";
		};
		83FFFAAD226C1CC80038EEE2 /* FeatureController */ = {
			isa = PBXGroup;
			children = (
				8392321A2230673D001182EB /* ModelOptions.storyboard */,
				83F8B4952231932C00686149 /* FeatureViewController.swift */,
				83F8B4A622320AF700686149 /* FeatureOptions.swift */,
				83FFFAAE226C1D020038EEE2 /* SettingsButton.swift */,
				839231F3222F8DF9001182EB /* ConfigurePopover.swift */,
				839231F1222F76F1001182EB /* ChooseModelController.swift */,
				83F8B49D2231C4C200686149 /* ConfigureModelCells */,
				83FFFAB0226C2F510038EEE2 /* Extensions */,
			);
			path = FeatureController;
			sourceTree = "<group>";
		};
		83FFFAB0226C2F510038EEE2 /* Extensions */ = {
			isa = PBXGroup;
			children = (
				83FFFAB1226C2F6F0038EEE2 /* SettingsButtonInteractionExtension.swift */,
				8375F02E22714D4E0048B9D8 /* NavigationBarCustomization.swift */,
			);
			path = Extensions;
			sourceTree = "<group>";
		};
		83FFFAB3226E19970038EEE2 /* Extensions */ = {
			isa = PBXGroup;
			children = (
				83FFFAA5226BCAD30038EEE2 /* GestureReconizerDelegateExtension.swift */,
				83FFFA9B226BC2640038EEE2 /* CameraInterfaceHandler.swift */,
				83FFFA9F226BC5980038EEE2 /* ButtonFunctionality.swift */,
				83FFFA99226BC13F0038EEE2 /* FocusExtension.swift */,
				8379BD4E22739102008E041D /* DebugImageExtensions.swift */,
			);
			path = Extensions;
			sourceTree = "<group>";
		};
		83FFFACF226E51D50038EEE2 /* Delegates */ = {
			isa = PBXGroup;
			children = (
				83FFFA87226BBA5E0038EEE2 /* CameraAVCaptureVideoDelegate.swift */,
				83FFFAD9226ED1400038EEE2 /* CapturePhotoDelgate.swift */,
			);
			path = Delegates;
			sourceTree = "<group>";
		};
		83FFFAD0226E51E60038EEE2 /* Extensions */ = {
			isa = PBXGroup;
			children = (
				83FFFADB226ED4460038EEE2 /* PhotoCaptureExtensions.swift */,
				83FFFA7F226BB4E60038EEE2 /* CameraSessionExtensions.swift */,
				83FFFA85226BB9360038EEE2 /* FritzCamera+Focus.swift */,
				83FFFA83226BB7620038EEE2 /* CameraResolutionExtension.swift */,
				83FFFA81226BB6B90038EEE2 /* FritzCamera+CaptureDeviceExtensions.swift */,
				83FFFADD226ED66C0038EEE2 /* AVPhotoExtension.swift */,
			);
			path = Extensions;
			sourceTree = "<group>";
		};
		83FFFADF226EF20B0038EEE2 /* PredictorControllers */ = {
			isa = PBXGroup;
			children = (
				389074281FFDE68900DFF7F9 /* LabelImages */,
				838B5289210242DD00E0D50A /* DetectObjects */,
				83E704B8226A4D4B00FF678D /* HairColorViewController.swift */,
				8375F03422721CE00048B9D8 /* HairColor+ColorSlider.swift */,
				8396CA2C220A9FDC00742120 /* PoseEstimationViewController.swift */,
				83AC97D62149CB8600E86B44 /* ImageSegmentationViewController.swift */,
				8325F7E822323110007C1D38 /* StyleTransferViewController.swift */,
			);
			path = PredictorControllers;
			sourceTree = "<group>";
		};
		83FFFAE0226EF2270038EEE2 /* ModelExtensions */ = {
			isa = PBXGroup;
			children = (
				83FFFAD7226E5C1E0038EEE2 /* ImageSegmentationFeature.swift */,
				83FFFAE1226EF2760038EEE2 /* PoseEstimation+ImagePredictor.swift */,
			);
			path = ModelExtensions;
			sourceTree = "<group>";
		};
		A2FA376779F0F93A7EBAFE6F /* Frameworks */ = {
			isa = PBXGroup;
			children = (
				987A4D76A43F0D9DAAA2EEA0 /* Pods_FritzAIStudio.framework */,
			);
			name = Frameworks;
			sourceTree = "<group>";
		};
		BB7C1803FE2702C0510B0BC9 /* Pods */ = {
			isa = PBXGroup;
			children = (
				D6D64EB84C51E54A675D10D5 /* Pods-FritzAIStudio.debug.xcconfig */,
				B5A0312806F40AF1D5063CC7 /* Pods-FritzAIStudio.release.xcconfig */,
			);
			path = Pods;
			sourceTree = "<group>";
		};
/* End PBXGroup section */

/* Begin PBXNativeTarget section */
		38F2E2351FE0D0B6007241CB /* FritzAIStudio */ = {
			isa = PBXNativeTarget;
			buildConfigurationList = 38F2E2481FE0D0B6007241CB /* Build configuration list for PBXNativeTarget "FritzAIStudio" */;
			buildPhases = (
				2C1AC0BE073F2B5C7B449D97 /* [CP] Check Pods Manifest.lock */,
				383D40CC1FE1901700438A9B /* Swift Lint */,
				383D40C31FE18EA000438A9B /* R.swift */,
				38F2E2321FE0D0B6007241CB /* Sources */,
				38F2E2331FE0D0B6007241CB /* Frameworks */,
				38F2E2341FE0D0B6007241CB /* Resources */,
				38B18CC31FE22C91005AA896 /* Fabric */,
				EA18C4F1306D7737BA6172C8 /* [CP] Embed Pods Frameworks */,
			);
			buildRules = (
			);
			dependencies = (
			);
			name = FritzAIStudio;
			productName = "Fritz Labs";
			productReference = 38F2E2361FE0D0B6007241CB /* FritzAIStudio.app */;
			productType = "com.apple.product-type.application";
		};
/* End PBXNativeTarget section */

/* Begin PBXProject section */
		38F2E22E1FE0D0B6007241CB /* Project object */ = {
			isa = PBXProject;
			attributes = {
				LastSwiftUpdateCheck = 0920;
				LastUpgradeCheck = 0930;
				ORGANIZATIONNAME = "Fritz Labs, Inc.";
				TargetAttributes = {
					38F2E2351FE0D0B6007241CB = {
						CreatedOnToolsVersion = 9.2;
						ProvisioningStyle = Automatic;
					};
				};
			};
			buildConfigurationList = 38F2E2311FE0D0B6007241CB /* Build configuration list for PBXProject "Fritz Labs" */;
			compatibilityVersion = "Xcode 8.0";
			developmentRegion = en;
			hasScannedForEncodings = 0;
			knownRegions = (
				en,
				Base,
			);
			mainGroup = 38F2E22D1FE0D0B6007241CB;
			productRefGroup = 38F2E2371FE0D0B6007241CB /* Products */;
			projectDirPath = "";
			projectRoot = "";
			targets = (
				38F2E2351FE0D0B6007241CB /* FritzAIStudio */,
			);
		};
/* End PBXProject section */

/* Begin PBXResourcesBuildPhase section */
		38F2E2341FE0D0B6007241CB /* Resources */ = {
			isa = PBXResourcesBuildPhase;
			buildActionMask = 2147483647;
			files = (
				8392321B2230673D001182EB /* ModelOptions.storyboard in Resources */,
				83F8B4A12231CAB400686149 /* ChooseModelCell.xib in Resources */,
				3890742C1FFDE6A900DFF7F9 /* LabelImages.storyboard in Resources */,
				381817E51FE2DAE400050FF6 /* Root.storyboard in Resources */,
				83FFFA96226BBE660038EEE2 /* Media.xcassets in Resources */,
				8379BD3E22725B72008E041D /* styleTransferBoston.jpg in Resources */,
				8379BD462272604A008E041D /* hair1.jpg in Resources */,
				38F2E2441FE0D0B6007241CB /* LaunchScreen.storyboard in Resources */,
				83F8B4A32231E25800686149 /* RangeSliderCell.xib in Resources */,
				8379BD4A2272664D008E041D /* pose.jpg in Resources */,
				38F2E2411FE0D0B6007241CB /* Assets.xcassets in Resources */,
				838B528D210243CF00E0D50A /* DetectObjectsStoryboard.storyboard in Resources */,
				8325F7F3223243FB007C1D38 /* SegmentSliderCell.xib in Resources */,
				8379BD4022725CF9008E041D /* eric.jpg in Resources */,
				837B6EEE226A6CDF00158698 /* ChooseColorCell.xib in Resources */,
				385CF1B51FF2EAAA00F1BFF0 /* Demos.storyboard in Resources */,
			);
			runOnlyForDeploymentPostprocessing = 0;
		};
/* End PBXResourcesBuildPhase section */

/* Begin PBXShellScriptBuildPhase section */
		2C1AC0BE073F2B5C7B449D97 /* [CP] Check Pods Manifest.lock */ = {
			isa = PBXShellScriptBuildPhase;
			buildActionMask = 2147483647;
			files = (
			);
			inputFileListPaths = (
			);
			inputPaths = (
				"${PODS_PODFILE_DIR_PATH}/Podfile.lock",
				"${PODS_ROOT}/Manifest.lock",
			);
			name = "[CP] Check Pods Manifest.lock";
			outputFileListPaths = (
			);
			outputPaths = (
				"$(DERIVED_FILE_DIR)/Pods-FritzAIStudio-checkManifestLockResult.txt",
			);
			runOnlyForDeploymentPostprocessing = 0;
			shellPath = /bin/sh;
			shellScript = "diff \"${PODS_PODFILE_DIR_PATH}/Podfile.lock\" \"${PODS_ROOT}/Manifest.lock\" > /dev/null\nif [ $? != 0 ] ; then\n    # print error to STDERR\n    echo \"error: The sandbox is not in sync with the Podfile.lock. Run 'pod install' or update your CocoaPods installation.\" >&2\n    exit 1\nfi\n# This output is used by Xcode 'outputs' to avoid re-running this script phase.\necho \"SUCCESS\" > \"${SCRIPT_OUTPUT_FILE_0}\"\n";
			showEnvVarsInLog = 0;
		};
		383D40C31FE18EA000438A9B /* R.swift */ = {
			isa = PBXShellScriptBuildPhase;
			buildActionMask = 2147483647;
			files = (
			);
			inputPaths = (
				"$(SRCROOT)/FritzAIStudio/rswift.workaround.file",
			);
			name = R.swift;
			outputPaths = (
				"$(SRCROOT)/FritzAIStudio/R.generated.swift",
			);
			runOnlyForDeploymentPostprocessing = 0;
			shellPath = /bin/sh;
			shellScript = "\"$PODS_ROOT/R.swift/rswift\" generate \"$SRCROOT/FritzAIStudio\"\n# Solution as per https://github.com/mac-cain13/R.swift/issues/456#issuecomment-426344064\ndate > \"$SRCROOT/FritzAIStudio/rswift.workaround.file\"\n";
		};
		383D40CC1FE1901700438A9B /* Swift Lint */ = {
			isa = PBXShellScriptBuildPhase;
			buildActionMask = 2147483647;
			files = (
			);
			inputPaths = (
			);
			name = "Swift Lint";
			outputPaths = (
			);
			runOnlyForDeploymentPostprocessing = 0;
			shellPath = /bin/sh;
			shellScript = "#if which swiftlint >/dev/null; then\n#    swiftlint\n#else\n#    echo \"warning: SwiftLint not installed, download from https://github.com/realm/SwiftLint\"\n#fi";
		};
		38B18CC31FE22C91005AA896 /* Fabric */ = {
			isa = PBXShellScriptBuildPhase;
			buildActionMask = 2147483647;
			files = (
			);
			inputPaths = (
			);
			name = Fabric;
			outputPaths = (
			);
			runOnlyForDeploymentPostprocessing = 0;
			shellPath = /bin/sh;
			shellScript = "\"${PODS_ROOT}/Fabric/run\" 3ab14d933cbf3577dd7434aa17e1171fdd726172 a7e273788cbf79557095d9bd720a5d71abef69142d7a82ef17e9d88751ee49d8\n";
		};
		EA18C4F1306D7737BA6172C8 /* [CP] Embed Pods Frameworks */ = {
			isa = PBXShellScriptBuildPhase;
			buildActionMask = 2147483647;
			files = (
			);
			inputPaths = (
				"${PODS_ROOT}/Target Support Files/Pods-FritzAIStudio/Pods-FritzAIStudio-frameworks.sh",
				"${BUILT_PRODUCTS_DIR}/ColorSlider/ColorSlider.framework",
				"${PODS_ROOT}/FritzBase/Frameworks/FritzCore.framework",
				"${PODS_ROOT}/FritzBase/Frameworks/Fritz.framework",
				"${PODS_ROOT}/FritzBase/Frameworks/CoreMLHelpers.framework",
				"${PODS_ROOT}/FritzBase/Frameworks/FritzManagedModel.framework",
				"${PODS_ROOT}/FritzBase/Frameworks/FritzVision.framework",
				"${PODS_ROOT}/FritzVisionHairSegmentationModelFast/Frameworks/FritzVisionHairSegmentationModelFast.framework",
				"${PODS_ROOT}/FritzVisionHumanPoseModelFast/Frameworks/FritzVisionHumanPoseModelFast.framework",
				"${PODS_ROOT}/FritzVisionLabelModelFast/Frameworks/FritzVisionLabelModelFast.framework",
				"${PODS_ROOT}/FritzVisionObjectModelFast/Frameworks/FritzVisionObjectModelFast.framework",
				"${PODS_ROOT}/FritzVisionPeopleSegmentationModelFast/Frameworks/FritzVisionPeopleSegmentationModelFast.framework",
				"${PODS_ROOT}/FritzVisionStyleModelPaintings/Frameworks/FritzVisionStyleModelPaintings.framework",
				"${PODS_ROOT}/FritzVisionStyleModelPatterns/Frameworks/FritzVisionStyleModelPatterns.framework",
				"${BUILT_PRODUCTS_DIR}/R.swift.Library/Rswift.framework",
			);
			name = "[CP] Embed Pods Frameworks";
			outputPaths = (
				"${TARGET_BUILD_DIR}/${FRAMEWORKS_FOLDER_PATH}/ColorSlider.framework",
				"${TARGET_BUILD_DIR}/${FRAMEWORKS_FOLDER_PATH}/FritzCore.framework",
				"${TARGET_BUILD_DIR}/${FRAMEWORKS_FOLDER_PATH}/Fritz.framework",
				"${TARGET_BUILD_DIR}/${FRAMEWORKS_FOLDER_PATH}/CoreMLHelpers.framework",
				"${TARGET_BUILD_DIR}/${FRAMEWORKS_FOLDER_PATH}/FritzManagedModel.framework",
				"${TARGET_BUILD_DIR}/${FRAMEWORKS_FOLDER_PATH}/FritzVision.framework",
				"${TARGET_BUILD_DIR}/${FRAMEWORKS_FOLDER_PATH}/FritzVisionHairSegmentationModelFast.framework",
				"${TARGET_BUILD_DIR}/${FRAMEWORKS_FOLDER_PATH}/FritzVisionHumanPoseModelFast.framework",
				"${TARGET_BUILD_DIR}/${FRAMEWORKS_FOLDER_PATH}/FritzVisionLabelModelFast.framework",
				"${TARGET_BUILD_DIR}/${FRAMEWORKS_FOLDER_PATH}/FritzVisionObjectModelFast.framework",
				"${TARGET_BUILD_DIR}/${FRAMEWORKS_FOLDER_PATH}/FritzVisionPeopleSegmentationModelFast.framework",
				"${TARGET_BUILD_DIR}/${FRAMEWORKS_FOLDER_PATH}/FritzVisionStyleModelPaintings.framework",
				"${TARGET_BUILD_DIR}/${FRAMEWORKS_FOLDER_PATH}/FritzVisionStyleModelPatterns.framework",
				"${TARGET_BUILD_DIR}/${FRAMEWORKS_FOLDER_PATH}/Rswift.framework",
			);
			runOnlyForDeploymentPostprocessing = 0;
			shellPath = /bin/sh;
			shellScript = "\"${PODS_ROOT}/Target Support Files/Pods-FritzAIStudio/Pods-FritzAIStudio-frameworks.sh\"\n";
			showEnvVarsInLog = 0;
		};
/* End PBXShellScriptBuildPhase section */

/* Begin PBXSourcesBuildPhase section */
		38F2E2321FE0D0B6007241CB /* Sources */ = {
			isa = PBXSourcesBuildPhase;
			buildActionMask = 2147483647;
			files = (
				385CF1B31FF2EAA200F1BFF0 /* DemosViewController.swift in Sources */,
				83FFFA94226BBDD80038EEE2 /* Locks.swift in Sources */,
				83FFFA84226BB7620038EEE2 /* CameraResolutionExtension.swift in Sources */,
				8375F03522721CE00048B9D8 /* HairColor+ColorSlider.swift in Sources */,
				83FFFA92226BBDD80038EEE2 /* Logging.swift in Sources */,
				83FFFAA6226BCAD30038EEE2 /* GestureReconizerDelegateExtension.swift in Sources */,
				839231F4222F8DF9001182EB /* ConfigurePopover.swift in Sources */,
				839231F6222F9282001182EB /* FritzModelDetails.swift in Sources */,
				8379BD4F22739102008E041D /* DebugImageExtensions.swift in Sources */,
				83E704B9226A4D4B00FF678D /* HairColorViewController.swift in Sources */,
				385CF1B81FF2F14700F1BFF0 /* DemoTableViewCell.swift in Sources */,
				8325F7F522325A29007C1D38 /* LinkTableViewCell.swift in Sources */,
				381817E31FE2DADD00050FF6 /* RootViewController.swift in Sources */,
				83FFFADE226ED66C0038EEE2 /* AVPhotoExtension.swift in Sources */,
				83F8B4962231932C00686149 /* FeatureViewController.swift in Sources */,
				83FFFAA8226BCB3F0038EEE2 /* FritzDeviceUtil.swift in Sources */,
				8375F0262271313B0048B9D8 /* AIStudioFeaturePredictors.swift in Sources */,
				8375F02F22714D4E0048B9D8 /* NavigationBarCustomization.swift in Sources */,
				83FFFA8B226BBCDF0038EEE2 /* FritzCameraButton.swift in Sources */,
				83FFFAAF226C1D020038EEE2 /* SettingsButton.swift in Sources */,
				83FFFA80226BB4E60038EEE2 /* CameraSessionExtensions.swift in Sources */,
				8375F02B227135F80048B9D8 /* ImagePredictorProtocol.swift in Sources */,
				83FFFA9E226BC2BC0038EEE2 /* FritzTextPromptView.swift in Sources */,
				83FFFA9A226BC13F0038EEE2 /* FocusExtension.swift in Sources */,
				83FFFA7E226BB09B0038EEE2 /* FritzCamera.swift in Sources */,
				3890742A1FFDE6A000DFF7F9 /* FritzVisionLabelViewController.swift in Sources */,
				8325F7F1223238DC007C1D38 /* SegmentSliderCell.swift in Sources */,
				3B5631AD233A7A3200B2D289 /* FritzLogger.swift in Sources */,
				83AC97D72149CB8600E86B44 /* ImageSegmentationViewController.swift in Sources */,
				83F8B4A722320AF700686149 /* FeatureOptions.swift in Sources */,
				8325F7E922323110007C1D38 /* StyleTransferViewController.swift in Sources */,
				83FFFAA4226BC9C00038EEE2 /* FritzCameraControllerDelegate.swift in Sources */,
				83FFFAB2226C2F6F0038EEE2 /* SettingsButtonInteractionExtension.swift in Sources */,
				83F8B49A2231A65C00686149 /* AIStudioImagePredictor.swift in Sources */,
				38F2E23A1FE0D0B6007241CB /* AppDelegate.swift in Sources */,
				83FFFA88226BBA5E0038EEE2 /* CameraAVCaptureVideoDelegate.swift in Sources */,
				83FFFAA2226BC8F60038EEE2 /* CameraDelegateImplmentation.swift in Sources */,
				83FFFADC226ED4460038EEE2 /* PhotoCaptureExtensions.swift in Sources */,
				83F8B4982231934F00686149 /* ModelGroupManager.swift in Sources */,
				383D40CB1FE18FAC00438A9B /* R.generated.swift in Sources */,
				83FFFAD8226E5C1E0038EEE2 /* ImageSegmentationFeature.swift in Sources */,
				83FFFA82226BB6B90038EEE2 /* FritzCamera+CaptureDeviceExtensions.swift in Sources */,
				83FFFADA226ED1400038EEE2 /* CapturePhotoDelgate.swift in Sources */,
				8375F028227134780048B9D8 /* PredictorOptionTypes.swift in Sources */,
				83F8B49F2231C4DB00686149 /* ChooseModelCell.swift in Sources */,
				838B528B2102432700E0D50A /* DetectObjectsViewController.swift in Sources */,
				83FFFA93226BBDD80038EEE2 /* LogHandler.swift in Sources */,
				83FFFA8D226BBD6E0038EEE2 /* FritzCameraViewController.swift in Sources */,
				83FFFAA0226BC5980038EEE2 /* ButtonFunctionality.swift in Sources */,
				83F8B4A522320AD200686149 /* RangeSliderCell.swift in Sources */,
				83FFFA9C226BC2640038EEE2 /* CameraInterfaceHandler.swift in Sources */,
				837B6EEC226A6C9300158698 /* ChooseColorCell.swift in Sources */,
				38E96C042001310000683571 /* NavigationController.swift in Sources */,
				83FFFA86226BB9360038EEE2 /* FritzCamera+Focus.swift in Sources */,
				839231F2222F76F1001182EB /* ChooseModelController.swift in Sources */,
				8396CA2D220A9FDC00742120 /* PoseEstimationViewController.swift in Sources */,
				83FFFAE2226EF2760038EEE2 /* PoseEstimation+ImagePredictor.swift in Sources */,
			);
			runOnlyForDeploymentPostprocessing = 0;
		};
/* End PBXSourcesBuildPhase section */

/* Begin PBXVariantGroup section */
		38F2E2421FE0D0B6007241CB /* LaunchScreen.storyboard */ = {
			isa = PBXVariantGroup;
			children = (
				38F2E2431FE0D0B6007241CB /* Base */,
			);
			name = LaunchScreen.storyboard;
			sourceTree = "<group>";
		};
/* End PBXVariantGroup section */

/* Begin XCBuildConfiguration section */
		38F2E2461FE0D0B6007241CB /* Debug */ = {
			isa = XCBuildConfiguration;
			buildSettings = {
				ALWAYS_SEARCH_USER_PATHS = NO;
				CLANG_ANALYZER_NONNULL = YES;
				CLANG_ANALYZER_NUMBER_OBJECT_CONVERSION = YES_AGGRESSIVE;
				CLANG_CXX_LANGUAGE_STANDARD = "gnu++14";
				CLANG_CXX_LIBRARY = "libc++";
				CLANG_ENABLE_MODULES = YES;
				CLANG_ENABLE_OBJC_ARC = YES;
				CLANG_WARN_BLOCK_CAPTURE_AUTORELEASING = YES;
				CLANG_WARN_BOOL_CONVERSION = YES;
				CLANG_WARN_COMMA = YES;
				CLANG_WARN_CONSTANT_CONVERSION = YES;
				CLANG_WARN_DEPRECATED_OBJC_IMPLEMENTATIONS = YES;
				CLANG_WARN_DIRECT_OBJC_ISA_USAGE = YES_ERROR;
				CLANG_WARN_DOCUMENTATION_COMMENTS = YES;
				CLANG_WARN_EMPTY_BODY = YES;
				CLANG_WARN_ENUM_CONVERSION = YES;
				CLANG_WARN_INFINITE_RECURSION = YES;
				CLANG_WARN_INT_CONVERSION = YES;
				CLANG_WARN_NON_LITERAL_NULL_CONVERSION = YES;
				CLANG_WARN_OBJC_IMPLICIT_RETAIN_SELF = YES;
				CLANG_WARN_OBJC_LITERAL_CONVERSION = YES;
				CLANG_WARN_OBJC_ROOT_CLASS = YES_ERROR;
				CLANG_WARN_RANGE_LOOP_ANALYSIS = YES;
				CLANG_WARN_STRICT_PROTOTYPES = YES;
				CLANG_WARN_SUSPICIOUS_MOVE = YES;
				CLANG_WARN_UNGUARDED_AVAILABILITY = YES_AGGRESSIVE;
				CLANG_WARN_UNREACHABLE_CODE = YES;
				CLANG_WARN__DUPLICATE_METHOD_MATCH = YES;
				CODE_SIGN_IDENTITY = "iPhone Developer";
				COPY_PHASE_STRIP = NO;
				DEBUG_INFORMATION_FORMAT = "dwarf-with-dsym";
				ENABLE_STRICT_OBJC_MSGSEND = YES;
				ENABLE_TESTABILITY = YES;
				GCC_C_LANGUAGE_STANDARD = gnu11;
				GCC_DYNAMIC_NO_PIC = NO;
				GCC_NO_COMMON_BLOCKS = YES;
				GCC_OPTIMIZATION_LEVEL = 0;
				GCC_PREPROCESSOR_DEFINITIONS = (
					"DEBUG=1",
					"$(inherited)",
				);
				GCC_WARN_64_TO_32_BIT_CONVERSION = YES;
				GCC_WARN_ABOUT_RETURN_TYPE = YES_ERROR;
				GCC_WARN_UNDECLARED_SELECTOR = YES;
				GCC_WARN_UNINITIALIZED_AUTOS = YES_AGGRESSIVE;
				GCC_WARN_UNUSED_FUNCTION = YES;
				GCC_WARN_UNUSED_VARIABLE = YES;
				IPHONEOS_DEPLOYMENT_TARGET = 11.2;
				MTL_ENABLE_DEBUG_INFO = YES;
				ONLY_ACTIVE_ARCH = YES;
				SDKROOT = iphoneos;
				SWIFT_ACTIVE_COMPILATION_CONDITIONS = DEBUG;
				SWIFT_OPTIMIZATION_LEVEL = "-Onone";
			};
			name = Debug;
		};
		38F2E2471FE0D0B6007241CB /* Release */ = {
			isa = XCBuildConfiguration;
			buildSettings = {
				ALWAYS_SEARCH_USER_PATHS = NO;
				CLANG_ANALYZER_NONNULL = YES;
				CLANG_ANALYZER_NUMBER_OBJECT_CONVERSION = YES_AGGRESSIVE;
				CLANG_CXX_LANGUAGE_STANDARD = "gnu++14";
				CLANG_CXX_LIBRARY = "libc++";
				CLANG_ENABLE_MODULES = YES;
				CLANG_ENABLE_OBJC_ARC = YES;
				CLANG_WARN_BLOCK_CAPTURE_AUTORELEASING = YES;
				CLANG_WARN_BOOL_CONVERSION = YES;
				CLANG_WARN_COMMA = YES;
				CLANG_WARN_CONSTANT_CONVERSION = YES;
				CLANG_WARN_DEPRECATED_OBJC_IMPLEMENTATIONS = YES;
				CLANG_WARN_DIRECT_OBJC_ISA_USAGE = YES_ERROR;
				CLANG_WARN_DOCUMENTATION_COMMENTS = YES;
				CLANG_WARN_EMPTY_BODY = YES;
				CLANG_WARN_ENUM_CONVERSION = YES;
				CLANG_WARN_INFINITE_RECURSION = YES;
				CLANG_WARN_INT_CONVERSION = YES;
				CLANG_WARN_NON_LITERAL_NULL_CONVERSION = YES;
				CLANG_WARN_OBJC_IMPLICIT_RETAIN_SELF = YES;
				CLANG_WARN_OBJC_LITERAL_CONVERSION = YES;
				CLANG_WARN_OBJC_ROOT_CLASS = YES_ERROR;
				CLANG_WARN_RANGE_LOOP_ANALYSIS = YES;
				CLANG_WARN_STRICT_PROTOTYPES = YES;
				CLANG_WARN_SUSPICIOUS_MOVE = YES;
				CLANG_WARN_UNGUARDED_AVAILABILITY = YES_AGGRESSIVE;
				CLANG_WARN_UNREACHABLE_CODE = YES;
				CLANG_WARN__DUPLICATE_METHOD_MATCH = YES;
				CODE_SIGN_IDENTITY = "iPhone Developer";
				COPY_PHASE_STRIP = NO;
				DEBUG_INFORMATION_FORMAT = "dwarf-with-dsym";
				ENABLE_NS_ASSERTIONS = NO;
				ENABLE_STRICT_OBJC_MSGSEND = YES;
				GCC_C_LANGUAGE_STANDARD = gnu11;
				GCC_NO_COMMON_BLOCKS = YES;
				GCC_WARN_64_TO_32_BIT_CONVERSION = YES;
				GCC_WARN_ABOUT_RETURN_TYPE = YES_ERROR;
				GCC_WARN_UNDECLARED_SELECTOR = YES;
				GCC_WARN_UNINITIALIZED_AUTOS = YES_AGGRESSIVE;
				GCC_WARN_UNUSED_FUNCTION = YES;
				GCC_WARN_UNUSED_VARIABLE = YES;
				IPHONEOS_DEPLOYMENT_TARGET = 11.2;
				MTL_ENABLE_DEBUG_INFO = NO;
				SDKROOT = iphoneos;
				SWIFT_OPTIMIZATION_LEVEL = "-Owholemodule";
				VALIDATE_PRODUCT = YES;
			};
			name = Release;
		};
		38F2E2491FE0D0B6007241CB /* Debug */ = {
			isa = XCBuildConfiguration;
			baseConfigurationReference = D6D64EB84C51E54A675D10D5 /* Pods-FritzAIStudio.debug.xcconfig */;
			buildSettings = {
				ALWAYS_EMBED_SWIFT_STANDARD_LIBRARIES = NO;
				ASSETCATALOG_COMPILER_APPICON_NAME = AppIcon;
				CODE_SIGN_IDENTITY = "iPhone Developer";
				"CODE_SIGN_IDENTITY[sdk=iphoneos*]" = "iPhone Developer";
				CODE_SIGN_STYLE = Automatic;
				INFOPLIST_FILE = "$(SRCROOT)/FritzAIStudio/Supporting Files/Info.plist";
				IPHONEOS_DEPLOYMENT_TARGET = 12.0;
				LD_RUNPATH_SEARCH_PATHS = "$(inherited) @executable_path/Frameworks";
				PRODUCT_BUNDLE_IDENTIFIER = com.fritz.Heartbeat;
				PRODUCT_NAME = "$(TARGET_NAME)";
				PROVISIONING_PROFILE_SPECIFIER = "";
				SWIFT_VERSION = 5.0;
				TARGETED_DEVICE_FAMILY = "1,2";
			};
			name = Debug;
		};
		38F2E24A1FE0D0B6007241CB /* Release */ = {
			isa = XCBuildConfiguration;
			baseConfigurationReference = B5A0312806F40AF1D5063CC7 /* Pods-FritzAIStudio.release.xcconfig */;
			buildSettings = {
				ALWAYS_EMBED_SWIFT_STANDARD_LIBRARIES = NO;
				ASSETCATALOG_COMPILER_APPICON_NAME = AppIcon;
				CODE_SIGN_IDENTITY = "iPhone Developer";
				"CODE_SIGN_IDENTITY[sdk=iphoneos*]" = "iPhone Developer";
				CODE_SIGN_STYLE = Automatic;
				INFOPLIST_FILE = "$(SRCROOT)/FritzAIStudio/Supporting Files/Info.plist";
				IPHONEOS_DEPLOYMENT_TARGET = 12.0;
				LD_RUNPATH_SEARCH_PATHS = "$(inherited) @executable_path/Frameworks";
				PRODUCT_BUNDLE_IDENTIFIER = com.fritz.Heartbeat;
				PRODUCT_NAME = "$(TARGET_NAME)";
				PROVISIONING_PROFILE_SPECIFIER = "";
				SWIFT_VERSION = 5.0;
				TARGETED_DEVICE_FAMILY = "1,2";
			};
			name = Release;
		};
/* End XCBuildConfiguration section */

/* Begin XCConfigurationList section */
		38F2E2311FE0D0B6007241CB /* Build configuration list for PBXProject "Fritz Labs" */ = {
			isa = XCConfigurationList;
			buildConfigurations = (
				38F2E2461FE0D0B6007241CB /* Debug */,
				38F2E2471FE0D0B6007241CB /* Release */,
			);
			defaultConfigurationIsVisible = 0;
			defaultConfigurationName = Release;
		};
		38F2E2481FE0D0B6007241CB /* Build configuration list for PBXNativeTarget "FritzAIStudio" */ = {
			isa = XCConfigurationList;
			buildConfigurations = (
				38F2E2491FE0D0B6007241CB /* Debug */,
				38F2E24A1FE0D0B6007241CB /* Release */,
			);
			defaultConfigurationIsVisible = 0;
			defaultConfigurationName = Release;
		};
/* End XCConfigurationList section */
	};
	rootObject = 38F2E22E1FE0D0B6007241CB /* Project object */;
}
